{
  "version": 4,
  "terraform_version": "1.9.8",
  "serial": 267,
  "lineage": "a145ca17-3205-7313-0e58-ff1da8da7a1d",
  "outputs": {
    "api_endpoint": {
      "value": "https://alnrssw7e3.execute-api.eu-central-1.amazonaws.com/prod/path",
      "type": "string"
    },
    "docdb_cluster_endpoint": {
      "value": "docdb-cluster.cluster-c12o0ge4cwh8.eu-central-1.docdb.amazonaws.com",
      "type": "string"
    },
    "ec2_public_ip": {
      "value": "3.120.173.191",
      "type": "string"
    },
    "lambda_api_url": {
      "value": "https://ykmiu45e43.execute-api.eu-central-1.amazonaws.com/prod",
      "type": "string"
    },
    "private_key_pem": {
      "value": "-----BEGIN RSA PRIVATE KEY-----\nMIIJKAIBAAKCAgEAmTY7JYIlrMJv4ZRMgHwub7YSfB7vfi10gJDLh9RSkdZ0bJFw\nE/OFnPTP6XT93BnO3ADNmQGPjFge0jF+rglHj0FDDleuZCypLIRWf+UixJ4Yo0mc\nb0SuMyG2Y2EuMX+JoMWWeTFGFVlAP9JEUDWskJsIdXD0MvBeioBgJCrR27R6sy/x\nBM2CiSXUU0Q6yvbf4xgeBbC3n0BLj1VxFcnAPjRL3/rOC0dIATb8+uLN/Ez4vKps\nCX+oIBUpJewaj0S8zD/i9No02LtvFcGP+k+6reUiGwJPit4zZC1WknQXe8bpKWDZ\nMI9Oet1jNOpSaq3jKTBt/e9f9lS07f38YCy7hleOim2zkY1PZ1oDkjFrK1RMDWnN\nQzOmU0U6SpXM4zp6jqY0kXpdAWAGTL1bPm6FvKtcf5s8RHXod8f8QOj7VCMFSTCa\nq2MT/ceHQU7fR48VY8mPhNYzP5lKOaog6aeo8mUQy59UO3T5fEFMhRQ1ndBYGv2G\nX5GS1DvjKDA/Z8n7k83/fIToMMSfyixul3gfN5Fq2HDb8mNSNn4A2ebwMgcbOvo4\nxZjHCT8AbCOD4Roj1poa/XJcnwNqotZY0MFuNihmJTb/1wpgK9qo221qgXAhnJKs\nl0v4d075tIjp1utI+LbAoYHCvybLgR9C7wNVWto+ARo8UjIy+xnBJyWPXIkCAwEA\nAQKCAgBV2ciMvP/FbXJp0cKIYI1YtYpoGKGUb34PqJMTuorGA4hbaaeG1ncxOxDh\nvVeepKuAJccPDIvWVW5305orhTGe+S/M8p7arRfixQj/Q3MW/4vIu6+3vaFrL2HX\nEBZlUBTbjLxDjrO5tLhGytjSpTDcGrNDs5ZykLQ5IbQ9r+zGEryKebuxOEMD/Lmc\nKuhS4MEVrGbuQ1axGsL8PyFN1y4s7PrzN8OLGFclrx1UrBBGZw8eENTXAbxAtfrH\nsCQ10YuFW+sdzsO8ClM1uq+l0FVHqdRRlBrkMpxTbwBKsliSWCRAtm8dQb/1Iua7\nOO4TrvpSEzwfBaodCtwTW7W2Ynp079b++IWaCzTsVQXPhwW2vQViliDpVKKxs5sp\n2exvX6hwzKGz6v+mTZyj2LUZ1qs5G60kxWx4nRuEmJN2XKxfuU16hJys7RbrCgAC\n1WXQ5fZrAOIR/0HC67BHc66oXO8mUlLawCwQUVfyvbOiiskh1wO7z457KVJT4PWy\nCHRUBCZcmlsIpjfP1V99rooA/d1Jw7jAq54onGa7u/onnH7V9nnNORZOmfytiZg1\n5hmJpuLq3W5f4j+AsvyC3MVZXgXtPJoW3V0a3i3WhAQ1hpDJHtsMD6lF50J2wOFZ\n5run7K43oODCtxx6ZBxtsUYn4aTreWrgBVwe8QXK1Pk2PP5cAQKCAQEAyBDJMMd9\n3RstK+A+WzT0f5oacvDDXvT2QYcJPE0k0LPY7DHOYiEi724dRutq6DTwGxTF+Kdu\nvGVuM2C7O65SXoQWnsOXjR/E947jUq1roEK++uMZfrupEhfRyshRJKctpgQI5aQZ\nFB4FxEBI6E3P+e2IOwHon4MPSRtlY/GtiV3vzWv7GYqKZWsdx6dViy/zwR4+ARtR\nVu7s/c9NwyjLONcbBwiBbRkunOEbBQ69hNITH5LwJBUj/X5Y3zex5Vi645bFrLLP\n2d6/xphRYQIBsSuqbkA7kOLSO2sMADbcDkSAN6hErKHWbfXSlhFKU7NAP4fRLBGt\nP48l0H+6YqjmgQKCAQEAxAwAadxlGu6RdXjsANaijqYH/hgHhs+6JXgdvZaSda8k\n8zutZxSCB2v4sC+TpJ5cdj+Q2aMzudwIXCJYBbB3yKMbM6/gDI2EBGuitBaLU9iO\nNjxcDT9YB2wMgmZHm6AS2rBmYP70BIQg0q2iqi6yI+yOyo9gWoNlz8gGoDrRkUML\nu/unY6cOKA4YTJrQIUy1TaERx4GGaGsCmYGkL4BOmZDxCQEhPIFjfsJ44xFSSWgy\nxuQsR/Je5Cylsjm4err3gtuMaPx2HJywNUGHRonA3ZVpGWuoQ0wlFZ623bGoZlcf\n/Zje8TMps9vL++P/fjzB0y6jUIHLhmFp15PQnTJCCQKCAQBwZp3iPfJEywPx5qah\n73p+RkId2Y6qRs4juo5BxsWsS57P9JuTHjLWefMQ6SrDExri3CTtsoPQbNwhGXOX\n8DRuzZ83y4PV0ceDnk+xH6WcAGPz6KtmPGCcva0sVKbiBNrsrs+g1TURzFxJCiTr\n/uud6wnivQvIsoVf+XhZUmrBBnm327bTfraKjEfK6ARzkplMIoWLcaGdSdb0Mgfq\nYXzrjk6tAOZWOROrJ/1aNhHcEXqU/qTUYNw7i0S7BDt6MwOs4gRlJoEIUtFD7keq\nTMpOk83I62WL3SNoJpgzdp7jlTDEFFGg+7vRQ47wqP4tUEQEbXXjYHsJfo8sONaq\nn2IBAoIBAHpZExj91otMP7MUWBTd3m0v6OUGkgvsL7uajtT210himajCoaEnB08i\nbv1lc7rUqdeSLA/m7i0byIvXUx+Z1ed9A0jqheTPnIg1tEC3oRQengHzAW+zDHj1\nUYk/04ioCZw5Yms+MYNwAhv5CP80TTBmPWbku7lBL5TQvHHaw1bohLY4g2qJoygU\nQ83q/+EIQk3EK5hamUspHWI3qgOLC4KDFioMbnWYOkOtkkwDT1tIkAfX9lqgQ+Aa\njP4BT8QoUrdz1NjgVcXdc4qI7qdy6M5gpEqdCVGWf75SYsVQTkwwK2LUuK3GxEve\n7BqzW4uo1z24aWug1Sd0O92x/gtchiECggEBAJw3NHcAtFWL2LGzcPPptx96+CMM\nuG4Qj20MpBCWHZAA4ybUfzIchhfMZin5a0QjgDUAft5kWcvptRfS31mHnuhk7w7r\nIBHgsEQBWCO+Nosna8+Hw/NSQxWvrdppHSAocKIZlR2FvHsYHTAfxZlcrew5b3mK\nboC3ZfTYJTmV0HkmyprPtphPSiQv1mB8B/dk6DVHCSGQMYJVy4PY+lybn2sfMlY/\nHNM68H8X6Oi0Ii5E8K4Bw+yKawpgn46QPgN85WfTBOli8ThlmW/a5qcnrmHjM36m\nNODCOEuezcyMKvQ8Q0nibdjUfTnSxmdDQaOb6S/b8we3CCBUMaOYPmbM7vE=\n-----END RSA PRIVATE KEY-----\n",
      "type": "string",
      "sensitive": true
    }
  },
  "resources": [
    {
      "mode": "data",
      "type": "aws_ami",
      "name": "ubuntu",
      "provider": "provider[\"registry.terraform.io/hashicorp/aws\"]",
      "instances": [
        {
          "schema_version": 0,
          "attributes": {
            "architecture": "x86_64",
            "arn": "arn:aws:ec2:eu-central-1::image/ami-01a0731204136ddad",
            "block_device_mappings": [
              {
                "device_name": "/dev/sda1",
                "ebs": {
                  "delete_on_termination": "true",
                  "encrypted": "false",
                  "iops": "0",
                  "snapshot_id": "snap-069f877416d5069b6",
                  "throughput": "0",
                  "volume_size": "8",
                  "volume_type": "gp2"
                },
                "no_device": "",
                "virtual_name": ""
              },
              {
                "device_name": "/dev/sdb",
                "ebs": {},
                "no_device": "",
                "virtual_name": "ephemeral0"
              },
              {
                "device_name": "/dev/sdc",
                "ebs": {},
                "no_device": "",
                "virtual_name": "ephemeral1"
              }
            ],
            "boot_mode": "legacy-bios",
            "creation_date": "2024-11-12T11:34:48.000Z",
            "deprecation_time": "2026-11-12T11:34:48.000Z",
            "description": "Canonical, Ubuntu, 20.04 LTS, amd64 focal image build on 2024-11-12",
            "ena_support": true,
            "executable_users": null,
            "filter": [
              {
                "name": "name",
                "values": [
                  "ubuntu/images/hvm-ssd/ubuntu-focal-20.04-amd64-server-*"
                ]
              },
              {
                "name": "virtualization-type",
                "values": [
                  "hvm"
                ]
              }
            ],
            "hypervisor": "xen",
            "id": "ami-01a0731204136ddad",
            "image_id": "ami-01a0731204136ddad",
            "image_location": "amazon/ubuntu/images/hvm-ssd/ubuntu-focal-20.04-amd64-server-20241112",
            "image_owner_alias": "amazon",
            "image_type": "machine",
            "imds_support": "",
            "include_deprecated": false,
            "kernel_id": "",
            "most_recent": true,
            "name": "ubuntu/images/hvm-ssd/ubuntu-focal-20.04-amd64-server-20241112",
            "name_regex": null,
            "owner_id": "099720109477",
            "owners": [
              "099720109477"
            ],
            "platform": "",
            "platform_details": "Linux/UNIX",
            "product_codes": [],
            "public": true,
            "ramdisk_id": "",
            "root_device_name": "/dev/sda1",
            "root_device_type": "ebs",
            "root_snapshot_id": "snap-069f877416d5069b6",
            "sriov_net_support": "simple",
            "state": "available",
            "state_reason": {
              "code": "UNSET",
              "message": "UNSET"
            },
            "tags": {},
            "timeouts": null,
            "tpm_support": "",
            "usage_operation": "RunInstances",
            "virtualization_type": "hvm"
          },
          "sensitive_attributes": []
        }
      ]
    },
    {
      "mode": "data",
      "type": "aws_availability_zones",
      "name": "available",
      "provider": "provider[\"registry.terraform.io/hashicorp/aws\"]",
      "instances": [
        {
          "schema_version": 0,
          "attributes": {
            "all_availability_zones": null,
            "exclude_names": null,
            "exclude_zone_ids": null,
            "filter": null,
            "group_names": [
              "eu-central-1"
            ],
            "id": "eu-central-1",
            "names": [
              "eu-central-1a",
              "eu-central-1b",
              "eu-central-1c"
            ],
            "state": "available",
            "timeouts": null,
            "zone_ids": [
              "euc1-az2",
              "euc1-az3",
              "euc1-az1"
            ]
          },
          "sensitive_attributes": []
        }
      ]
    },
    {
      "mode": "data",
      "type": "aws_caller_identity",
      "name": "current",
      "provider": "provider[\"registry.terraform.io/hashicorp/aws\"]",
      "instances": [
        {
          "schema_version": 0,
          "attributes": {
            "account_id": "209479296454",
            "arn": "arn:aws:sts::209479296454:assumed-role/AWSReservedSSO_AWSAdministratorAccess_b9cbd37100647b4c/korisnik5-int@levi9.com",
            "id": "209479296454",
            "user_id": "AROATBRPQMXDH6KJZICU3:korisnik5-int@levi9.com"
          },
          "sensitive_attributes": []
        }
      ]
    },
    {
      "mode": "data",
      "type": "aws_iam_policy_document",
      "name": "lambda_permission_policy",
      "provider": "provider[\"registry.terraform.io/hashicorp/aws\"]",
      "instances": [
        {
          "schema_version": 0,
          "attributes": {
            "id": "4094039815",
            "json": "{\n  \"Version\": \"2012-10-17\",\n  \"Statement\": [\n    {\n      \"Sid\": \"AllowExecutionFromEC2\",\n      \"Effect\": \"Allow\",\n      \"Action\": \"lambda:InvokeFunction\",\n      \"Resource\": \"arn:aws:lambda:eu-central-1:209479296454:function:MatchNotifierFunction\",\n      \"Principal\": {\n        \"AWS\": \"arn:aws:iam::209479296454:role/EC2LambdaInvokeRole\"\n      }\n    }\n  ]\n}",
            "minified_json": "{\"Version\":\"2012-10-17\",\"Statement\":[{\"Sid\":\"AllowExecutionFromEC2\",\"Effect\":\"Allow\",\"Action\":\"lambda:InvokeFunction\",\"Resource\":\"arn:aws:lambda:eu-central-1:209479296454:function:MatchNotifierFunction\",\"Principal\":{\"AWS\":\"arn:aws:iam::209479296454:role/EC2LambdaInvokeRole\"}}]}",
            "override_json": null,
            "override_policy_documents": null,
            "policy_id": null,
            "source_json": null,
            "source_policy_documents": null,
            "statement": [
              {
                "actions": [
                  "lambda:InvokeFunction"
                ],
                "condition": [],
                "effect": "Allow",
                "not_actions": [],
                "not_principals": [],
                "not_resources": [],
                "principals": [
                  {
                    "identifiers": [
                      "arn:aws:iam::209479296454:role/EC2LambdaInvokeRole"
                    ],
                    "type": "AWS"
                  }
                ],
                "resources": [
                  "arn:aws:lambda:eu-central-1:209479296454:function:MatchNotifierFunction"
                ],
                "sid": "AllowExecutionFromEC2"
              }
            ],
            "version": "2012-10-17"
          },
          "sensitive_attributes": []
        }
      ]
    },
    {
      "mode": "managed",
      "type": "aws_api_gateway_deployment",
      "name": "api_deployment",
      "provider": "provider[\"registry.terraform.io/hashicorp/aws\"]",
      "instances": [
        {
          "schema_version": 0,
          "attributes": {
            "canary_settings": [],
            "created_date": "2024-11-23T18:17:02Z",
            "description": "",
            "execution_arn": "arn:aws:execute-api:eu-central-1:209479296454:alnrssw7e3/",
            "id": "dqnr8g",
            "invoke_url": "https://alnrssw7e3.execute-api.eu-central-1.amazonaws.com/",
            "rest_api_id": "alnrssw7e3",
            "stage_description": null,
            "stage_name": null,
            "triggers": {
              "redeployment": "2024-11-23T18:17:02Z"
            },
            "variables": null
          },
          "sensitive_attributes": [],
          "private": "bnVsbA==",
          "dependencies": [
            "aws_api_gateway_integration.api_integration",
            "aws_api_gateway_method.api_method",
            "aws_api_gateway_resource.api_resource",
            "aws_api_gateway_rest_api.api_gateway",
            "aws_iam_instance_profile.ec2_instance_profile",
            "aws_iam_role.ec2_role",
            "aws_instance.app_server",
            "aws_key_pair.generated_key",
            "aws_security_group.ec2_sg",
            "aws_subnet.public_subnets",
            "aws_vpc.main_vpc",
            "data.aws_ami.ubuntu",
            "data.aws_availability_zones.available",
            "tls_private_key.example"
          ],
          "create_before_destroy": true
        }
      ]
    },
    {
      "mode": "managed",
      "type": "aws_api_gateway_deployment",
      "name": "lambda_api_deployment",
      "provider": "provider[\"registry.terraform.io/hashicorp/aws\"]",
      "instances": [
        {
          "schema_version": 0,
          "attributes": {
            "canary_settings": [],
            "created_date": "2024-11-23T12:12:59Z",
            "description": "",
            "execution_arn": "arn:aws:execute-api:eu-central-1:209479296454:ykmiu45e43/",
            "id": "5mb6nm",
            "invoke_url": "https://ykmiu45e43.execute-api.eu-central-1.amazonaws.com/",
            "rest_api_id": "ykmiu45e43",
            "stage_description": null,
            "stage_name": null,
            "triggers": null,
            "variables": null
          },
          "sensitive_attributes": [],
          "private": "bnVsbA==",
          "dependencies": [
            "aws_api_gateway_integration.lambda_integration",
            "aws_api_gateway_method.lambda_method",
            "aws_api_gateway_resource.lambda_resource",
            "aws_api_gateway_rest_api.lambda_api",
            "aws_iam_role.lambda_match_notifier_role",
            "aws_lambda_function.match_notifier",
            "aws_sns_topic.email_notifications"
          ],
          "create_before_destroy": true
        }
      ]
    },
    {
      "mode": "managed",
      "type": "aws_api_gateway_integration",
      "name": "api_integration",
      "provider": "provider[\"registry.terraform.io/hashicorp/aws\"]",
      "instances": [
        {
          "schema_version": 0,
          "attributes": {
            "cache_key_parameters": [],
            "cache_namespace": "jbq23b",
            "connection_id": "",
            "connection_type": "INTERNET",
            "content_handling": "",
            "credentials": "",
            "http_method": "GET",
            "id": "agi-alnrssw7e3-jbq23b-GET",
            "integration_http_method": "ANY",
            "passthrough_behavior": "WHEN_NO_MATCH",
            "request_parameters": {},
            "request_templates": {},
            "resource_id": "jbq23b",
            "rest_api_id": "alnrssw7e3",
            "timeout_milliseconds": 29000,
            "tls_config": [],
            "type": "HTTP_PROXY",
            "uri": "http://3.120.173.191"
          },
          "sensitive_attributes": [],
          "private": "bnVsbA==",
          "dependencies": [
            "aws_api_gateway_method.api_method",
            "aws_api_gateway_resource.api_resource",
            "aws_api_gateway_rest_api.api_gateway",
            "aws_iam_instance_profile.ec2_instance_profile",
            "aws_iam_role.ec2_role",
            "aws_instance.app_server",
            "aws_key_pair.generated_key",
            "aws_security_group.ec2_sg",
            "aws_subnet.public_subnets",
            "aws_vpc.main_vpc",
            "data.aws_ami.ubuntu",
            "data.aws_availability_zones.available",
            "tls_private_key.example"
          ],
          "create_before_destroy": true
        }
      ]
    },
    {
      "mode": "managed",
      "type": "aws_api_gateway_integration",
      "name": "lambda_integration",
      "provider": "provider[\"registry.terraform.io/hashicorp/aws\"]",
      "instances": [
        {
          "schema_version": 0,
          "attributes": {
            "cache_key_parameters": [],
            "cache_namespace": "j2wrsp",
            "connection_id": "",
            "connection_type": "INTERNET",
            "content_handling": "",
            "credentials": "",
            "http_method": "POST",
            "id": "agi-ykmiu45e43-j2wrsp-POST",
            "integration_http_method": "POST",
            "passthrough_behavior": "WHEN_NO_MATCH",
            "request_parameters": {},
            "request_templates": {},
            "resource_id": "j2wrsp",
            "rest_api_id": "ykmiu45e43",
            "timeout_milliseconds": 29000,
            "tls_config": [],
            "type": "AWS_PROXY",
            "uri": "arn:aws:apigateway:eu-central-1:lambda:path/2015-03-31/functions/arn:aws:lambda:eu-central-1:209479296454:function:MatchNotifierFunction/invocations"
          },
          "sensitive_attributes": [],
          "private": "bnVsbA==",
          "dependencies": [
            "aws_api_gateway_method.lambda_method",
            "aws_api_gateway_resource.lambda_resource",
            "aws_api_gateway_rest_api.lambda_api",
            "aws_iam_role.lambda_match_notifier_role",
            "aws_lambda_function.match_notifier",
            "aws_sns_topic.email_notifications"
          ],
          "create_before_destroy": true
        }
      ]
    },
    {
      "mode": "managed",
      "type": "aws_api_gateway_method",
      "name": "api_method",
      "provider": "provider[\"registry.terraform.io/hashicorp/aws\"]",
      "instances": [
        {
          "schema_version": 0,
          "attributes": {
            "api_key_required": false,
            "authorization": "NONE",
            "authorization_scopes": [],
            "authorizer_id": "",
            "http_method": "GET",
            "id": "agm-alnrssw7e3-jbq23b-GET",
            "operation_name": "",
            "request_models": {},
            "request_parameters": {},
            "request_validator_id": "",
            "resource_id": "jbq23b",
            "rest_api_id": "alnrssw7e3"
          },
          "sensitive_attributes": [],
          "private": "bnVsbA==",
          "dependencies": [
            "aws_api_gateway_resource.api_resource",
            "aws_api_gateway_rest_api.api_gateway"
          ],
          "create_before_destroy": true
        }
      ]
    },
    {
      "mode": "managed",
      "type": "aws_api_gateway_method",
      "name": "lambda_method",
      "provider": "provider[\"registry.terraform.io/hashicorp/aws\"]",
      "instances": [
        {
          "schema_version": 0,
          "attributes": {
            "api_key_required": false,
            "authorization": "NONE",
            "authorization_scopes": [],
            "authorizer_id": "",
            "http_method": "POST",
            "id": "agm-ykmiu45e43-j2wrsp-POST",
            "operation_name": "",
            "request_models": {},
            "request_parameters": {},
            "request_validator_id": "",
            "resource_id": "j2wrsp",
            "rest_api_id": "ykmiu45e43"
          },
          "sensitive_attributes": [],
          "private": "bnVsbA==",
          "dependencies": [
            "aws_api_gateway_resource.lambda_resource",
            "aws_api_gateway_rest_api.lambda_api"
          ],
          "create_before_destroy": true
        }
      ]
    },
    {
      "mode": "managed",
      "type": "aws_api_gateway_resource",
      "name": "api_resource",
      "provider": "provider[\"registry.terraform.io/hashicorp/aws\"]",
      "instances": [
        {
          "schema_version": 0,
          "attributes": {
            "id": "jbq23b",
            "parent_id": "d30nf9pyab",
            "path": "/path",
            "path_part": "path",
            "rest_api_id": "alnrssw7e3"
          },
          "sensitive_attributes": [],
          "private": "bnVsbA==",
          "dependencies": [
            "aws_api_gateway_rest_api.api_gateway"
          ],
          "create_before_destroy": true
        }
      ]
    },
    {
      "mode": "managed",
      "type": "aws_api_gateway_resource",
      "name": "lambda_resource",
      "provider": "provider[\"registry.terraform.io/hashicorp/aws\"]",
      "instances": [
        {
          "schema_version": 0,
          "attributes": {
            "id": "j2wrsp",
            "parent_id": "za8miyieyg",
            "path": "/notify",
            "path_part": "notify",
            "rest_api_id": "ykmiu45e43"
          },
          "sensitive_attributes": [],
          "private": "bnVsbA==",
          "dependencies": [
            "aws_api_gateway_rest_api.lambda_api"
          ],
          "create_before_destroy": true
        }
      ]
    },
    {
      "mode": "managed",
      "type": "aws_api_gateway_rest_api",
      "name": "api_gateway",
      "provider": "provider[\"registry.terraform.io/hashicorp/aws\"]",
      "instances": [
        {
          "schema_version": 0,
          "attributes": {
            "api_key_source": "HEADER",
            "arn": "arn:aws:apigateway:eu-central-1::/restapis/alnrssw7e3",
            "binary_media_types": [],
            "body": null,
            "created_date": "2024-11-23T11:03:57Z",
            "description": "",
            "disable_execute_api_endpoint": false,
            "endpoint_configuration": [
              {
                "types": [
                  "EDGE"
                ],
                "vpc_endpoint_ids": []
              }
            ],
            "execution_arn": "arn:aws:execute-api:eu-central-1:209479296454:alnrssw7e3",
            "fail_on_warnings": null,
            "id": "alnrssw7e3",
            "minimum_compression_size": "",
            "name": "MyAPIGateway",
            "parameters": null,
            "policy": "",
            "put_rest_api_mode": null,
            "root_resource_id": "d30nf9pyab",
            "tags": {},
            "tags_all": {}
          },
          "sensitive_attributes": [],
          "private": "bnVsbA==",
          "create_before_destroy": true
        }
      ]
    },
    {
      "mode": "managed",
      "type": "aws_api_gateway_rest_api",
      "name": "lambda_api",
      "provider": "provider[\"registry.terraform.io/hashicorp/aws\"]",
      "instances": [
        {
          "schema_version": 0,
          "attributes": {
            "api_key_source": "HEADER",
            "arn": "arn:aws:apigateway:eu-central-1::/restapis/ykmiu45e43",
            "binary_media_types": [],
            "body": null,
            "created_date": "2024-11-23T12:12:44Z",
            "description": "",
            "disable_execute_api_endpoint": false,
            "endpoint_configuration": [
              {
                "types": [
                  "EDGE"
                ],
                "vpc_endpoint_ids": []
              }
            ],
            "execution_arn": "arn:aws:execute-api:eu-central-1:209479296454:ykmiu45e43",
            "fail_on_warnings": null,
            "id": "ykmiu45e43",
            "minimum_compression_size": "",
            "name": "LambdaAPI",
            "parameters": null,
            "policy": "",
            "put_rest_api_mode": null,
            "root_resource_id": "za8miyieyg",
            "tags": {},
            "tags_all": {}
          },
          "sensitive_attributes": [],
          "private": "bnVsbA==",
          "create_before_destroy": true
        }
      ]
    },
    {
      "mode": "managed",
      "type": "aws_api_gateway_stage",
      "name": "api_stage",
      "provider": "provider[\"registry.terraform.io/hashicorp/aws\"]",
      "instances": [
        {
          "schema_version": 0,
          "attributes": {
            "access_log_settings": [],
            "arn": "arn:aws:apigateway:eu-central-1::/restapis/alnrssw7e3/stages/prod",
            "cache_cluster_enabled": false,
            "cache_cluster_size": "",
            "canary_settings": [],
            "client_certificate_id": "",
            "deployment_id": "dqnr8g",
            "description": "",
            "documentation_version": "",
            "execution_arn": "arn:aws:execute-api:eu-central-1:209479296454:alnrssw7e3/prod",
            "id": "ags-alnrssw7e3-prod",
            "invoke_url": "https://alnrssw7e3.execute-api.eu-central-1.amazonaws.com/prod",
            "rest_api_id": "alnrssw7e3",
            "stage_name": "prod",
            "tags": {},
            "tags_all": {},
            "variables": {},
            "web_acl_arn": "",
            "xray_tracing_enabled": false
          },
          "sensitive_attributes": [],
          "private": "bnVsbA==",
          "dependencies": [
            "aws_api_gateway_deployment.api_deployment",
            "aws_api_gateway_integration.api_integration",
            "aws_api_gateway_method.api_method",
            "aws_api_gateway_resource.api_resource",
            "aws_api_gateway_rest_api.api_gateway",
            "aws_iam_instance_profile.ec2_instance_profile",
            "aws_iam_role.ec2_role",
            "aws_instance.app_server",
            "aws_key_pair.generated_key",
            "aws_security_group.ec2_sg",
            "aws_subnet.public_subnets",
            "aws_vpc.main_vpc",
            "data.aws_ami.ubuntu",
            "data.aws_availability_zones.available",
            "tls_private_key.example"
          ]
        }
      ]
    },
    {
      "mode": "managed",
      "type": "aws_api_gateway_stage",
      "name": "lambda_api_stage",
      "provider": "provider[\"registry.terraform.io/hashicorp/aws\"]",
      "instances": [
        {
          "schema_version": 0,
          "attributes": {
            "access_log_settings": [],
            "arn": "arn:aws:apigateway:eu-central-1::/restapis/ykmiu45e43/stages/prod",
            "cache_cluster_enabled": false,
            "cache_cluster_size": "",
            "canary_settings": [],
            "client_certificate_id": "",
            "deployment_id": "5mb6nm",
            "description": "",
            "documentation_version": "",
            "execution_arn": "arn:aws:execute-api:eu-central-1:209479296454:ykmiu45e43/prod",
            "id": "ags-ykmiu45e43-prod",
            "invoke_url": "https://ykmiu45e43.execute-api.eu-central-1.amazonaws.com/prod",
            "rest_api_id": "ykmiu45e43",
            "stage_name": "prod",
            "tags": {},
            "tags_all": {},
            "variables": {},
            "web_acl_arn": "",
            "xray_tracing_enabled": false
          },
          "sensitive_attributes": [],
          "private": "bnVsbA==",
          "dependencies": [
            "aws_api_gateway_deployment.lambda_api_deployment",
            "aws_api_gateway_integration.lambda_integration",
            "aws_api_gateway_method.lambda_method",
            "aws_api_gateway_resource.lambda_resource",
            "aws_api_gateway_rest_api.lambda_api",
            "aws_iam_role.lambda_match_notifier_role",
            "aws_lambda_function.match_notifier",
            "aws_sns_topic.email_notifications"
          ]
        }
      ]
    },
    {
      "mode": "managed",
      "type": "aws_docdb_cluster",
      "name": "docdb_cluster",
      "provider": "provider[\"registry.terraform.io/hashicorp/aws\"]",
      "instances": [
        {
          "schema_version": 0,
          "attributes": {
            "allow_major_version_upgrade": null,
            "apply_immediately": null,
            "arn": "arn:aws:rds:eu-central-1:209479296454:cluster:docdb-cluster",
            "availability_zones": [
              "eu-central-1a",
              "eu-central-1b",
              "eu-central-1c"
            ],
            "backup_retention_period": 1,
            "cluster_identifier": "docdb-cluster",
            "cluster_identifier_prefix": "",
            "cluster_members": [
              "docdb-instance"
            ],
            "cluster_resource_id": "cluster-MDDAIYPXDV752F3AIJRTQHIE5Y",
            "db_cluster_parameter_group_name": "default.docdb5.0",
            "db_subnet_group_name": "docdb-subnet-group",
            "deletion_protection": false,
            "enabled_cloudwatch_logs_exports": [],
            "endpoint": "docdb-cluster.cluster-c12o0ge4cwh8.eu-central-1.docdb.amazonaws.com",
            "engine": "docdb",
            "engine_version": "5.0.0",
            "final_snapshot_identifier": null,
            "global_cluster_identifier": "",
            "hosted_zone_id": "Z1ZKU8ZZR6T7FW",
            "id": "docdb-cluster",
            "kms_key_id": "",
            "master_password": "YourSecurePassword123!",
            "master_username": "docdb_user",
            "port": 27017,
            "preferred_backup_window": "20:38-21:08",
            "preferred_maintenance_window": "sat:22:49-sat:23:19",
            "reader_endpoint": "docdb-cluster.cluster-ro-c12o0ge4cwh8.eu-central-1.docdb.amazonaws.com",
            "restore_to_point_in_time": [],
            "skip_final_snapshot": false,
            "snapshot_identifier": null,
            "storage_encrypted": false,
            "storage_type": "",
            "tags": {
              "Name": "DocDBCluster"
            },
            "tags_all": {
              "Name": "DocDBCluster"
            },
            "timeouts": null,
            "vpc_security_group_ids": [
              "sg-0a4ddaa9d58562ebc"
            ]
          },
          "sensitive_attributes": [
            [
              {
                "type": "get_attr",
                "value": "master_password"
              }
            ]
          ],
          "private": "eyJlMmJmYjczMC1lY2FhLTExZTYtOGY4OC0zNDM2M2JjN2M0YzAiOnsiY3JlYXRlIjo3MjAwMDAwMDAwMDAwLCJkZWxldGUiOjcyMDAwMDAwMDAwMDAsInVwZGF0ZSI6NzIwMDAwMDAwMDAwMH19",
          "dependencies": [
            "aws_docdb_subnet_group.docdb_subnet_group",
            "aws_security_group.docdb_sg",
            "aws_security_group.ec2_sg",
            "aws_subnet.private_subnets",
            "aws_vpc.main_vpc",
            "data.aws_availability_zones.available"
          ]
        }
      ]
    },
    {
      "mode": "managed",
      "type": "aws_docdb_cluster_instance",
      "name": "docdb_instance",
      "provider": "provider[\"registry.terraform.io/hashicorp/aws\"]",
      "instances": [
        {
          "schema_version": 0,
          "attributes": {
            "apply_immediately": null,
            "arn": "arn:aws:rds:eu-central-1:209479296454:db:docdb-instance",
            "auto_minor_version_upgrade": true,
            "availability_zone": "eu-central-1b",
            "ca_cert_identifier": "rds-ca-rsa2048-g1",
            "cluster_identifier": "docdb-cluster",
            "copy_tags_to_snapshot": false,
            "db_subnet_group_name": "docdb-subnet-group",
            "dbi_resource_id": "db-RXJUA4AB36HW4ZQCF773Q73R5M",
            "enable_performance_insights": null,
            "endpoint": "docdb-instance.c12o0ge4cwh8.eu-central-1.docdb.amazonaws.com",
            "engine": "docdb",
            "engine_version": "5.0.0",
            "id": "docdb-instance",
            "identifier": "docdb-instance",
            "identifier_prefix": "",
            "instance_class": "db.r5.large",
            "kms_key_id": "",
            "performance_insights_kms_key_id": null,
            "port": 27017,
            "preferred_backup_window": "20:38-21:08",
            "preferred_maintenance_window": "tue:23:52-wed:00:22",
            "promotion_tier": 0,
            "publicly_accessible": false,
            "storage_encrypted": false,
            "tags": {
              "Name": "DocDBInstance"
            },
            "tags_all": {
              "Name": "DocDBInstance"
            },
            "timeouts": null,
            "writer": true
          },
          "sensitive_attributes": [],
          "private": "eyJlMmJmYjczMC1lY2FhLTExZTYtOGY4OC0zNDM2M2JjN2M0YzAiOnsiY3JlYXRlIjo1NDAwMDAwMDAwMDAwLCJkZWxldGUiOjU0MDAwMDAwMDAwMDAsInVwZGF0ZSI6NTQwMDAwMDAwMDAwMH19",
          "dependencies": [
            "aws_docdb_cluster.docdb_cluster",
            "aws_docdb_subnet_group.docdb_subnet_group",
            "aws_security_group.docdb_sg",
            "aws_security_group.ec2_sg",
            "aws_subnet.private_subnets",
            "aws_vpc.main_vpc",
            "data.aws_availability_zones.available"
          ]
        }
      ]
    },
    {
      "mode": "managed",
      "type": "aws_docdb_subnet_group",
      "name": "docdb_subnet_group",
      "provider": "provider[\"registry.terraform.io/hashicorp/aws\"]",
      "instances": [
        {
          "schema_version": 0,
          "attributes": {
            "arn": "arn:aws:rds:eu-central-1:209479296454:subgrp:docdb-subnet-group",
            "description": "Managed by Terraform",
            "id": "docdb-subnet-group",
            "name": "docdb-subnet-group",
            "name_prefix": "",
            "subnet_ids": [
              "subnet-071032c85253fadda",
              "subnet-0fcd698d50d5ab1b7"
            ],
            "tags": {
              "Name": "DocDBSubnetGroup"
            },
            "tags_all": {
              "Name": "DocDBSubnetGroup"
            }
          },
          "sensitive_attributes": [],
          "private": "bnVsbA==",
          "dependencies": [
            "aws_subnet.private_subnets",
            "aws_vpc.main_vpc",
            "data.aws_availability_zones.available"
          ]
        }
      ]
    },
    {
      "mode": "managed",
      "type": "aws_iam_instance_profile",
      "name": "ec2_instance_profile",
      "provider": "provider[\"registry.terraform.io/hashicorp/aws\"]",
      "instances": [
        {
          "schema_version": 0,
          "attributes": {
            "arn": "arn:aws:iam::209479296454:instance-profile/EC2InstanceProfile",
            "create_date": "2024-11-23T12:43:27Z",
            "id": "EC2InstanceProfile",
            "name": "EC2InstanceProfile",
            "name_prefix": "",
            "path": "/",
            "role": "EC2LambdaInvokeRole",
            "tags": {},
            "tags_all": {},
            "unique_id": "AIPATBRPQMXDJ6G4HUKGV"
          },
          "sensitive_attributes": [],
          "private": "bnVsbA==",
          "dependencies": [
            "aws_iam_role.ec2_role"
          ],
          "create_before_destroy": true
        }
      ]
    },
    {
      "mode": "managed",
      "type": "aws_iam_policy",
      "name": "ec2_dynamodb_access",
      "provider": "provider[\"registry.terraform.io/hashicorp/aws\"]",
      "instances": [
        {
          "schema_version": 0,
          "attributes": {
            "arn": "arn:aws:iam::209479296454:policy/EC2DynamoDBAccessPolicy",
            "attachment_count": 1,
            "description": "Allow EC2 to access DynamoDB",
            "id": "arn:aws:iam::209479296454:policy/EC2DynamoDBAccessPolicy",
            "name": "EC2DynamoDBAccessPolicy",
            "name_prefix": "",
            "path": "/",
            "policy": "{\"Statement\":[{\"Action\":[\"dynamodb:PutItem\",\"dynamodb:GetItem\",\"dynamodb:Scan\",\"dynamodb:DeleteItem\",\"dynamodb:BatchWriteItem\"],\"Effect\":\"Allow\",\"Resource\":\"arn:aws:dynamodb:eu-central-1:209479296454:table/*\"}],\"Version\":\"2012-10-17\"}",
            "policy_id": "ANPATBRPQMXDC7GGE2S6J",
            "tags": {},
            "tags_all": {}
          },
          "sensitive_attributes": [],
          "private": "bnVsbA==",
          "dependencies": [
            "data.aws_caller_identity.current"
          ]
        }
      ]
    },
    {
      "mode": "managed",
      "type": "aws_iam_policy",
      "name": "ec2_lambda_invoke_policy",
      "provider": "provider[\"registry.terraform.io/hashicorp/aws\"]",
      "instances": [
        {
          "schema_version": 0,
          "attributes": {
            "arn": "arn:aws:iam::209479296454:policy/EC2LambdaInvokePolicy",
            "attachment_count": 1,
            "description": "Policy for EC2 to invoke Lambda functions",
            "id": "arn:aws:iam::209479296454:policy/EC2LambdaInvokePolicy",
            "name": "EC2LambdaInvokePolicy",
            "name_prefix": "",
            "path": "/",
            "policy": "{\"Statement\":[{\"Action\":\"lambda:InvokeFunction\",\"Effect\":\"Allow\",\"Resource\":[\"arn:aws:lambda:eu-central-1:209479296454:function:MatchNotifierFunction\",\"arn:aws:lambda:eu-central-1:209479296454:function:MatchSaverFunction\"]}],\"Version\":\"2012-10-17\"}",
            "policy_id": "ANPATBRPQMXDLKZD3225K",
            "tags": {},
            "tags_all": {}
          },
          "sensitive_attributes": [],
          "private": "bnVsbA==",
          "dependencies": [
            "aws_iam_role.lambda_match_notifier_role",
            "aws_iam_role.lambda_match_saver_role",
            "aws_lambda_function.match_notifier",
            "aws_lambda_function.match_saver",
            "aws_s3_bucket.match_results_bucket",
            "aws_sns_topic.email_notifications",
            "random_string.bucket_suffix"
          ]
        }
      ]
    },
    {
      "mode": "managed",
      "type": "aws_iam_policy",
      "name": "lambda_match_notifier_policy",
      "provider": "provider[\"registry.terraform.io/hashicorp/aws\"]",
      "instances": [
        {
          "schema_version": 0,
          "attributes": {
            "arn": "arn:aws:iam::209479296454:policy/lambda_match_notifier_policy",
            "attachment_count": 1,
            "description": "Policy for Lambda to publish to SNS",
            "id": "arn:aws:iam::209479296454:policy/lambda_match_notifier_policy",
            "name": "lambda_match_notifier_policy",
            "name_prefix": "",
            "path": "/",
            "policy": "{\"Statement\":[{\"Action\":[\"sns:Publish\"],\"Effect\":\"Allow\",\"Resource\":\"arn:aws:sns:eu-central-1:209479296454:EmailNotificationsTopic\"},{\"Action\":[\"logs:CreateLogGroup\",\"logs:CreateLogStream\",\"logs:PutLogEvents\"],\"Effect\":\"Allow\",\"Resource\":\"arn:aws:logs:*:*:*\"}],\"Version\":\"2012-10-17\"}",
            "policy_id": "ANPATBRPQMXDO5PAVU7RP",
            "tags": {},
            "tags_all": {}
          },
          "sensitive_attributes": [],
          "private": "bnVsbA==",
          "dependencies": [
            "aws_sns_topic.email_notifications"
          ]
        }
      ]
    },
    {
      "mode": "managed",
      "type": "aws_iam_policy",
      "name": "lambda_match_saver_policy",
      "provider": "provider[\"registry.terraform.io/hashicorp/aws\"]",
      "instances": [
        {
          "schema_version": 0,
          "attributes": {
            "arn": "arn:aws:iam::209479296454:policy/lambda_match_saver_policy",
            "attachment_count": 1,
            "description": "Policy for Lambda to write to S3",
            "id": "arn:aws:iam::209479296454:policy/lambda_match_saver_policy",
            "name": "lambda_match_saver_policy",
            "name_prefix": "",
            "path": "/",
            "policy": "{\"Statement\":[{\"Action\":[\"s3:PutObject\"],\"Effect\":\"Allow\",\"Resource\":\"arn:aws:s3:::match-results-bucket-folql2/*\"},{\"Action\":[\"logs:CreateLogGroup\",\"logs:CreateLogStream\",\"logs:PutLogEvents\"],\"Effect\":\"Allow\",\"Resource\":\"arn:aws:logs:*:*:*\"}],\"Version\":\"2012-10-17\"}",
            "policy_id": "ANPATBRPQMXDMOEPBYJP4",
            "tags": {},
            "tags_all": {}
          },
          "sensitive_attributes": [],
          "private": "bnVsbA==",
          "dependencies": [
            "aws_s3_bucket.match_results_bucket",
            "random_string.bucket_suffix"
          ]
        }
      ]
    },
    {
      "mode": "managed",
      "type": "aws_iam_role",
      "name": "ec2_role",
      "provider": "provider[\"registry.terraform.io/hashicorp/aws\"]",
      "instances": [
        {
          "schema_version": 0,
          "attributes": {
            "arn": "arn:aws:iam::209479296454:role/EC2LambdaInvokeRole",
            "assume_role_policy": "{\"Statement\":[{\"Action\":\"sts:AssumeRole\",\"Effect\":\"Allow\",\"Principal\":{\"Service\":\"ec2.amazonaws.com\"}}],\"Version\":\"2012-10-17\"}",
            "create_date": "2024-11-23T12:43:27Z",
            "description": "",
            "force_detach_policies": false,
            "id": "EC2LambdaInvokeRole",
            "inline_policy": [],
            "managed_policy_arns": [
              "arn:aws:iam::209479296454:policy/EC2DynamoDBAccessPolicy",
              "arn:aws:iam::209479296454:policy/EC2LambdaInvokePolicy"
            ],
            "max_session_duration": 3600,
            "name": "EC2LambdaInvokeRole",
            "name_prefix": "",
            "path": "/",
            "permissions_boundary": "",
            "tags": {},
            "tags_all": {},
            "unique_id": "AROATBRPQMXDJIMQ63SDW"
          },
          "sensitive_attributes": [],
          "private": "bnVsbA==",
          "create_before_destroy": true
        }
      ]
    },
    {
      "mode": "managed",
      "type": "aws_iam_role",
      "name": "lambda_match_notifier_role",
      "provider": "provider[\"registry.terraform.io/hashicorp/aws\"]",
      "instances": [
        {
          "schema_version": 0,
          "attributes": {
            "arn": "arn:aws:iam::209479296454:role/lambda_match_notifier_role",
            "assume_role_policy": "{\"Statement\":[{\"Action\":\"sts:AssumeRole\",\"Effect\":\"Allow\",\"Principal\":{\"Service\":\"lambda.amazonaws.com\"}}],\"Version\":\"2012-10-17\"}",
            "create_date": "2024-11-23T12:12:44Z",
            "description": "",
            "force_detach_policies": false,
            "id": "lambda_match_notifier_role",
            "inline_policy": [],
            "managed_policy_arns": [
              "arn:aws:iam::209479296454:policy/lambda_match_notifier_policy"
            ],
            "max_session_duration": 3600,
            "name": "lambda_match_notifier_role",
            "name_prefix": "",
            "path": "/",
            "permissions_boundary": "",
            "tags": {},
            "tags_all": {},
            "unique_id": "AROATBRPQMXDBVL5WKWDS"
          },
          "sensitive_attributes": [],
          "private": "bnVsbA==",
          "create_before_destroy": true
        }
      ]
    },
    {
      "mode": "managed",
      "type": "aws_iam_role",
      "name": "lambda_match_saver_role",
      "provider": "provider[\"registry.terraform.io/hashicorp/aws\"]",
      "instances": [
        {
          "schema_version": 0,
          "attributes": {
            "arn": "arn:aws:iam::209479296454:role/lambda_match_saver_role",
            "assume_role_policy": "{\"Statement\":[{\"Action\":\"sts:AssumeRole\",\"Effect\":\"Allow\",\"Principal\":{\"Service\":\"lambda.amazonaws.com\"}}],\"Version\":\"2012-10-17\"}",
            "create_date": "2024-11-23T13:23:10Z",
            "description": "",
            "force_detach_policies": false,
            "id": "lambda_match_saver_role",
            "inline_policy": [],
            "managed_policy_arns": [
              "arn:aws:iam::209479296454:policy/lambda_match_saver_policy"
            ],
            "max_session_duration": 3600,
            "name": "lambda_match_saver_role",
            "name_prefix": "",
            "path": "/",
            "permissions_boundary": "",
            "tags": {},
            "tags_all": {},
            "unique_id": "AROATBRPQMXDFGR7QOPQ5"
          },
          "sensitive_attributes": [],
          "private": "bnVsbA=="
        }
      ]
    },
    {
      "mode": "managed",
      "type": "aws_iam_role_policy_attachment",
      "name": "ec2_lambda_invoke_attachment",
      "provider": "provider[\"registry.terraform.io/hashicorp/aws\"]",
      "instances": [
        {
          "schema_version": 0,
          "attributes": {
            "id": "EC2LambdaInvokeRole-20241123124328023800000001",
            "policy_arn": "arn:aws:iam::209479296454:policy/EC2LambdaInvokePolicy",
            "role": "EC2LambdaInvokeRole"
          },
          "sensitive_attributes": [],
          "private": "bnVsbA==",
          "dependencies": [
            "aws_iam_policy.ec2_lambda_invoke_policy",
            "aws_iam_role.ec2_role",
            "aws_iam_role.lambda_match_notifier_role",
            "aws_iam_role.lambda_match_saver_role",
            "aws_lambda_function.match_notifier",
            "aws_lambda_function.match_saver",
            "aws_s3_bucket.match_results_bucket",
            "aws_sns_topic.email_notifications",
            "random_string.bucket_suffix"
          ]
        }
      ]
    },
    {
      "mode": "managed",
      "type": "aws_iam_role_policy_attachment",
      "name": "lambda_match_notifier_attachment",
      "provider": "provider[\"registry.terraform.io/hashicorp/aws\"]",
      "instances": [
        {
          "schema_version": 0,
          "attributes": {
            "id": "lambda_match_notifier_role-20241123121245524000000001",
            "policy_arn": "arn:aws:iam::209479296454:policy/lambda_match_notifier_policy",
            "role": "lambda_match_notifier_role"
          },
          "sensitive_attributes": [],
          "private": "bnVsbA==",
          "dependencies": [
            "aws_iam_policy.lambda_match_notifier_policy",
            "aws_iam_role.lambda_match_notifier_role",
            "aws_sns_topic.email_notifications"
          ]
        }
      ]
    },
    {
      "mode": "managed",
      "type": "aws_iam_role_policy_attachment",
      "name": "lambda_match_saver_attachment",
      "provider": "provider[\"registry.terraform.io/hashicorp/aws\"]",
      "instances": [
        {
          "schema_version": 0,
          "attributes": {
            "id": "lambda_match_saver_role-20241123132312719400000001",
            "policy_arn": "arn:aws:iam::209479296454:policy/lambda_match_saver_policy",
            "role": "lambda_match_saver_role"
          },
          "sensitive_attributes": [],
          "private": "bnVsbA==",
          "dependencies": [
            "aws_iam_policy.lambda_match_saver_policy",
            "aws_iam_role.lambda_match_saver_role",
            "aws_s3_bucket.match_results_bucket",
            "random_string.bucket_suffix"
          ]
        }
      ]
    },
    {
      "mode": "managed",
      "type": "aws_instance",
      "name": "app_server",
      "provider": "provider[\"registry.terraform.io/hashicorp/aws\"]",
      "instances": [
        {
          "schema_version": 1,
          "attributes": {
            "ami": "ami-01a0731204136ddad",
            "arn": "arn:aws:ec2:eu-central-1:209479296454:instance/i-05b1a85c509ad397b",
            "associate_public_ip_address": true,
            "availability_zone": "eu-central-1a",
            "capacity_reservation_specification": [
              {
                "capacity_reservation_preference": "open",
                "capacity_reservation_target": []
              }
            ],
            "cpu_core_count": 1,
            "cpu_options": [
              {
                "amd_sev_snp": "",
                "core_count": 1,
                "threads_per_core": 1
              }
            ],
            "cpu_threads_per_core": 1,
            "credit_specification": [
              {
                "cpu_credits": "standard"
              }
            ],
            "disable_api_stop": false,
            "disable_api_termination": false,
            "ebs_block_device": [],
            "ebs_optimized": false,
            "enclave_options": [
              {
                "enabled": false
              }
            ],
            "ephemeral_block_device": [],
            "get_password_data": false,
            "hibernation": false,
            "host_id": "",
            "host_resource_group_arn": null,
            "iam_instance_profile": "EC2InstanceProfile",
            "id": "i-05b1a85c509ad397b",
            "instance_initiated_shutdown_behavior": "stop",
            "instance_lifecycle": "",
            "instance_market_options": [],
            "instance_state": "running",
            "instance_type": "t2.micro",
            "ipv6_address_count": 0,
            "ipv6_addresses": [],
            "key_name": "generated-key",
            "launch_template": [],
            "maintenance_options": [
              {
                "auto_recovery": "default"
              }
            ],
            "metadata_options": [
              {
                "http_endpoint": "enabled",
                "http_protocol_ipv6": "disabled",
                "http_put_response_hop_limit": 1,
                "http_tokens": "optional",
                "instance_metadata_tags": "disabled"
              }
            ],
            "monitoring": false,
            "network_interface": [],
            "outpost_arn": "",
            "password_data": "",
            "placement_group": "",
            "placement_partition_number": 0,
            "primary_network_interface_id": "eni-03a016c1222ee8765",
            "private_dns": "ip-10-0-0-42.eu-central-1.compute.internal",
            "private_dns_name_options": [
              {
                "enable_resource_name_dns_a_record": false,
                "enable_resource_name_dns_aaaa_record": false,
                "hostname_type": "ip-name"
              }
            ],
            "private_ip": "10.0.0.42",
            "public_dns": "ec2-3-120-173-191.eu-central-1.compute.amazonaws.com",
            "public_ip": "3.120.173.191",
            "root_block_device": [
              {
                "delete_on_termination": true,
                "device_name": "/dev/sda1",
                "encrypted": false,
                "iops": 100,
                "kms_key_id": "",
                "tags": {},
                "tags_all": {},
                "throughput": 0,
                "volume_id": "vol-0d6d6a688b7d82485",
                "volume_size": 8,
                "volume_type": "gp2"
              }
            ],
            "secondary_private_ips": [],
            "security_groups": [],
            "source_dest_check": true,
            "spot_instance_request_id": "",
            "subnet_id": "subnet-06fa439678e444085",
            "tags": {
              "Name": "AppServer"
            },
            "tags_all": {
              "Name": "AppServer"
            },
            "tenancy": "default",
            "timeouts": null,
            "user_data": "c8881d120cbac87643b7159f6ba648891f56dfb8",
            "user_data_base64": null,
            "user_data_replace_on_change": false,
            "volume_tags": null,
            "vpc_security_group_ids": [
              "sg-0d9b2d785fb5c6e29"
            ]
          },
          "sensitive_attributes": [],
          "private": "eyJlMmJmYjczMC1lY2FhLTExZTYtOGY4OC0zNDM2M2JjN2M0YzAiOnsiY3JlYXRlIjo2MDAwMDAwMDAwMDAsImRlbGV0ZSI6MTIwMDAwMDAwMDAwMCwicmVhZCI6OTAwMDAwMDAwMDAwLCJ1cGRhdGUiOjYwMDAwMDAwMDAwMH0sInNjaGVtYV92ZXJzaW9uIjoiMSJ9",
          "dependencies": [
            "aws_iam_instance_profile.ec2_instance_profile",
            "aws_iam_role.ec2_role",
            "aws_key_pair.generated_key",
            "aws_security_group.ec2_sg",
            "aws_subnet.public_subnets",
            "aws_vpc.main_vpc",
            "data.aws_ami.ubuntu",
            "data.aws_availability_zones.available",
            "tls_private_key.example"
          ],
          "create_before_destroy": true
        }
      ]
    },
    {
      "mode": "managed",
      "type": "aws_internet_gateway",
      "name": "igw",
      "provider": "provider[\"registry.terraform.io/hashicorp/aws\"]",
      "instances": [
        {
          "schema_version": 0,
          "attributes": {
            "arn": "arn:aws:ec2:eu-central-1:209479296454:internet-gateway/igw-02475472c677e3c92",
            "id": "igw-02475472c677e3c92",
            "owner_id": "209479296454",
            "tags": {
              "Name": "MainInternetGateway"
            },
            "tags_all": {
              "Name": "MainInternetGateway"
            },
            "timeouts": null,
            "vpc_id": "vpc-025bb9ffc693c8367"
          },
          "sensitive_attributes": [],
          "private": "eyJlMmJmYjczMC1lY2FhLTExZTYtOGY4OC0zNDM2M2JjN2M0YzAiOnsiY3JlYXRlIjoxMjAwMDAwMDAwMDAwLCJkZWxldGUiOjEyMDAwMDAwMDAwMDAsInVwZGF0ZSI6MTIwMDAwMDAwMDAwMH19",
          "dependencies": [
            "aws_vpc.main_vpc"
          ]
        }
      ]
    },
    {
      "mode": "managed",
      "type": "aws_key_pair",
      "name": "generated_key",
      "provider": "provider[\"registry.terraform.io/hashicorp/aws\"]",
      "instances": [
        {
          "schema_version": 1,
          "attributes": {
            "arn": "arn:aws:ec2:eu-central-1:209479296454:key-pair/generated-key",
            "fingerprint": "b8:74:1c:18:b9:ec:8b:e8:43:b1:ab:74:82:d0:0c:ae",
            "id": "generated-key",
            "key_name": "generated-key",
            "key_name_prefix": "",
            "key_pair_id": "key-0a2066bcc3806c6e6",
            "key_type": "rsa",
            "public_key": "ssh-rsa AAAAB3NzaC1yc2EAAAADAQABAAACAQCZNjslgiWswm/hlEyAfC5vthJ8Hu9+LXSAkMuH1FKR1nRskXAT84Wc9M/pdP3cGc7cAM2ZAY+MWB7SMX6uCUePQUMOV65kLKkshFZ/5SLEnhijSZxvRK4zIbZjYS4xf4mgxZZ5MUYVWUA/0kRQNayQmwh1cPQy8F6KgGAkKtHbtHqzL/EEzYKJJdRTRDrK9t/jGB4FsLefQEuPVXEVycA+NEvf+s4LR0gBNvz64s38TPi8qmwJf6ggFSkl7BqPRLzMP+L02jTYu28VwY/6T7qt5SIbAk+K3jNkLVaSdBd7xukpYNkwj0563WM06lJqreMpMG3971/2VLTt/fxgLLuGV46KbbORjU9nWgOSMWsrVEwNac1DM6ZTRTpKlczjOnqOpjSRel0BYAZMvVs+boW8q1x/mzxEdeh3x/xA6PtUIwVJMJqrYxP9x4dBTt9HjxVjyY+E1jM/mUo5qiDpp6jyZRDLn1Q7dPl8QUyFFDWd0Fga/YZfkZLUO+MoMD9nyfuTzf98hOgwxJ/KLG6XeB83kWrYcNvyY1I2fgDZ5vAyBxs6+jjFmMcJPwBsI4PhGiPWmhr9clyfA2qi1ljQwW42KGYlNv/XCmAr2qjbbWqBcCGckqyXS/h3Tvm0iOnW60j4tsChgcK/JsuBH0LvA1Va2j4BGjxSMjL7GcEnJY9ciQ==",
            "tags": {},
            "tags_all": {}
          },
          "sensitive_attributes": [],
          "private": "eyJzY2hlbWFfdmVyc2lvbiI6IjEifQ==",
          "dependencies": [
            "tls_private_key.example"
          ],
          "create_before_destroy": true
        }
      ]
    },
    {
      "mode": "managed",
      "type": "aws_lambda_function",
      "name": "match_notifier",
      "provider": "provider[\"registry.terraform.io/hashicorp/aws\"]",
      "instances": [
        {
          "schema_version": 0,
          "attributes": {
            "architectures": [
              "x86_64"
            ],
            "arn": "arn:aws:lambda:eu-central-1:209479296454:function:MatchNotifierFunction",
            "code_sha256": "6ZKqchUh0vbYCPDD1g0zHaVOVoGUzzuOFmzg3wJwacA=",
            "code_signing_config_arn": "",
            "dead_letter_config": [],
            "description": "",
            "environment": [
              {
                "variables": {
                  "SNS_TOPIC_ARN": "arn:aws:sns:eu-central-1:209479296454:EmailNotificationsTopic"
                }
              }
            ],
            "ephemeral_storage": [
              {
                "size": 512
              }
            ],
            "file_system_config": [],
            "filename": "lambda_functions/match_notifier/match_notifier.zip",
            "function_name": "MatchNotifierFunction",
            "handler": "lambda_function.lambda_handler",
            "id": "MatchNotifierFunction",
            "image_config": [],
            "image_uri": "",
            "invoke_arn": "arn:aws:apigateway:eu-central-1:lambda:path/2015-03-31/functions/arn:aws:lambda:eu-central-1:209479296454:function:MatchNotifierFunction/invocations",
            "kms_key_arn": "",
            "last_modified": "2024-11-23T12:12:53.776+0000",
            "layers": [],
            "logging_config": [
              {
                "application_log_level": "",
                "log_format": "Text",
                "log_group": "/aws/lambda/MatchNotifierFunction",
                "system_log_level": ""
              }
            ],
            "memory_size": 128,
            "package_type": "Zip",
            "publish": false,
            "qualified_arn": "arn:aws:lambda:eu-central-1:209479296454:function:MatchNotifierFunction:$LATEST",
            "qualified_invoke_arn": "arn:aws:apigateway:eu-central-1:lambda:path/2015-03-31/functions/arn:aws:lambda:eu-central-1:209479296454:function:MatchNotifierFunction:$LATEST/invocations",
            "replace_security_groups_on_destroy": null,
            "replacement_security_group_ids": null,
            "reserved_concurrent_executions": -1,
            "role": "arn:aws:iam::209479296454:role/lambda_match_notifier_role",
            "runtime": "python3.8",
            "s3_bucket": null,
            "s3_key": null,
            "s3_object_version": null,
            "signing_job_arn": "",
            "signing_profile_version_arn": "",
            "skip_destroy": false,
            "snap_start": [],
            "source_code_hash": "6ZKqchUh0vbYCPDD1g0zHaVOVoGUzzuOFmzg3wJwacA=",
            "source_code_size": 487,
            "tags": {},
            "tags_all": {},
            "timeout": 3,
            "timeouts": null,
            "tracing_config": [
              {
                "mode": "PassThrough"
              }
            ],
            "version": "$LATEST",
            "vpc_config": []
          },
          "sensitive_attributes": [],
          "private": "eyJlMmJmYjczMC1lY2FhLTExZTYtOGY4OC0zNDM2M2JjN2M0YzAiOnsiY3JlYXRlIjo2MDAwMDAwMDAwMDAsImRlbGV0ZSI6NjAwMDAwMDAwMDAwLCJ1cGRhdGUiOjYwMDAwMDAwMDAwMH19",
          "dependencies": [
            "aws_iam_role.lambda_match_notifier_role",
            "aws_sns_topic.email_notifications"
          ],
          "create_before_destroy": true
        }
      ]
    },
    {
      "mode": "managed",
      "type": "aws_lambda_function",
      "name": "match_saver",
      "provider": "provider[\"registry.terraform.io/hashicorp/aws\"]",
      "instances": [
        {
          "schema_version": 0,
          "attributes": {
            "architectures": [
              "x86_64"
            ],
            "arn": "arn:aws:lambda:eu-central-1:209479296454:function:MatchSaverFunction",
            "code_sha256": "eR7Nx1JWM6KCv5/gnTDQN+JnxS2J1mhUZKRQFpGN6v4=",
            "code_signing_config_arn": "",
            "dead_letter_config": [],
            "description": "",
            "environment": [
              {
                "variables": {
                  "S3_BUCKET_NAME": "match-results-bucket-folql2"
                }
              }
            ],
            "ephemeral_storage": [
              {
                "size": 512
              }
            ],
            "file_system_config": [],
            "filename": "lambda_functions/match_saver/match_saver.zip",
            "function_name": "MatchSaverFunction",
            "handler": "lambda_function.lambda_handler",
            "id": "MatchSaverFunction",
            "image_config": [],
            "image_uri": "",
            "invoke_arn": "arn:aws:apigateway:eu-central-1:lambda:path/2015-03-31/functions/arn:aws:lambda:eu-central-1:209479296454:function:MatchSaverFunction/invocations",
            "kms_key_arn": "",
            "last_modified": "2024-11-23T13:23:20.405+0000",
            "layers": [],
            "logging_config": [
              {
                "application_log_level": "",
                "log_format": "Text",
                "log_group": "/aws/lambda/MatchSaverFunction",
                "system_log_level": ""
              }
            ],
            "memory_size": 128,
            "package_type": "Zip",
            "publish": false,
            "qualified_arn": "arn:aws:lambda:eu-central-1:209479296454:function:MatchSaverFunction:$LATEST",
            "qualified_invoke_arn": "arn:aws:apigateway:eu-central-1:lambda:path/2015-03-31/functions/arn:aws:lambda:eu-central-1:209479296454:function:MatchSaverFunction:$LATEST/invocations",
            "replace_security_groups_on_destroy": null,
            "replacement_security_group_ids": null,
            "reserved_concurrent_executions": -1,
            "role": "arn:aws:iam::209479296454:role/lambda_match_saver_role",
            "runtime": "python3.8",
            "s3_bucket": null,
            "s3_key": null,
            "s3_object_version": null,
            "signing_job_arn": "",
            "signing_profile_version_arn": "",
            "skip_destroy": false,
            "snap_start": [],
            "source_code_hash": "eR7Nx1JWM6KCv5/gnTDQN+JnxS2J1mhUZKRQFpGN6v4=",
            "source_code_size": 695,
            "tags": {},
            "tags_all": {},
            "timeout": 3,
            "timeouts": null,
            "tracing_config": [
              {
                "mode": "PassThrough"
              }
            ],
            "version": "$LATEST",
            "vpc_config": []
          },
          "sensitive_attributes": [],
          "private": "eyJlMmJmYjczMC1lY2FhLTExZTYtOGY4OC0zNDM2M2JjN2M0YzAiOnsiY3JlYXRlIjo2MDAwMDAwMDAwMDAsImRlbGV0ZSI6NjAwMDAwMDAwMDAwLCJ1cGRhdGUiOjYwMDAwMDAwMDAwMH19",
          "dependencies": [
            "aws_iam_role.lambda_match_saver_role",
            "aws_s3_bucket.match_results_bucket",
            "random_string.bucket_suffix"
          ]
        }
      ]
    },
    {
      "mode": "managed",
      "type": "aws_lambda_permission",
      "name": "allow_account_invoke",
      "provider": "provider[\"registry.terraform.io/hashicorp/aws\"]",
      "instances": [
        {
          "schema_version": 0,
          "attributes": {
            "action": "lambda:InvokeFunction",
            "event_source_token": null,
            "function_name": "MatchNotifierFunction",
            "function_url_auth_type": null,
            "id": "AllowExecutionFromAccount",
            "principal": "arn:aws:iam::209479296454:root",
            "principal_org_id": null,
            "qualifier": "",
            "source_account": null,
            "source_arn": null,
            "statement_id": "AllowExecutionFromAccount",
            "statement_id_prefix": ""
          },
          "sensitive_attributes": [],
          "private": "bnVsbA==",
          "dependencies": [
            "aws_iam_role.lambda_match_notifier_role",
            "aws_lambda_function.match_notifier",
            "aws_sns_topic.email_notifications"
          ]
        }
      ]
    },
    {
      "mode": "managed",
      "type": "aws_lambda_permission",
      "name": "allow_ec2_invoke_match_saver",
      "provider": "provider[\"registry.terraform.io/hashicorp/aws\"]",
      "instances": [
        {
          "schema_version": 0,
          "attributes": {
            "action": "lambda:InvokeFunction",
            "event_source_token": null,
            "function_name": "MatchSaverFunction",
            "function_url_auth_type": null,
            "id": "AllowExecutionFromEC2MatchSaver",
            "principal": "arn:aws:iam::209479296454:root",
            "principal_org_id": null,
            "qualifier": "",
            "source_account": null,
            "source_arn": null,
            "statement_id": "AllowExecutionFromEC2MatchSaver",
            "statement_id_prefix": ""
          },
          "sensitive_attributes": [],
          "private": "bnVsbA==",
          "dependencies": [
            "aws_iam_role.lambda_match_saver_role",
            "aws_lambda_function.match_saver",
            "aws_s3_bucket.match_results_bucket",
            "data.aws_caller_identity.current",
            "random_string.bucket_suffix"
          ]
        }
      ]
    },
    {
      "mode": "managed",
      "type": "aws_lambda_permission",
      "name": "api_gateway_permission",
      "provider": "provider[\"registry.terraform.io/hashicorp/aws\"]",
      "instances": [
        {
          "schema_version": 0,
          "attributes": {
            "action": "lambda:InvokeFunction",
            "event_source_token": null,
            "function_name": "MatchNotifierFunction",
            "function_url_auth_type": null,
            "id": "AllowAPIGatewayInvoke",
            "principal": "apigateway.amazonaws.com",
            "principal_org_id": null,
            "qualifier": "",
            "source_account": null,
            "source_arn": "arn:aws:execute-api:eu-central-1:209479296454:ykmiu45e43/*/*",
            "statement_id": "AllowAPIGatewayInvoke",
            "statement_id_prefix": ""
          },
          "sensitive_attributes": [],
          "private": "bnVsbA==",
          "dependencies": [
            "aws_api_gateway_rest_api.lambda_api",
            "aws_iam_role.lambda_match_notifier_role",
            "aws_lambda_function.match_notifier",
            "aws_sns_topic.email_notifications"
          ]
        }
      ]
    },
    {
      "mode": "managed",
      "type": "aws_route_table",
      "name": "public_rt",
      "provider": "provider[\"registry.terraform.io/hashicorp/aws\"]",
      "instances": [
        {
          "schema_version": 0,
          "attributes": {
            "arn": "arn:aws:ec2:eu-central-1:209479296454:route-table/rtb-0a21c6b56aca804f0",
            "id": "rtb-0a21c6b56aca804f0",
            "owner_id": "209479296454",
            "propagating_vgws": [],
            "route": [
              {
                "carrier_gateway_id": "",
                "cidr_block": "0.0.0.0/0",
                "core_network_arn": "",
                "destination_prefix_list_id": "",
                "egress_only_gateway_id": "",
                "gateway_id": "igw-02475472c677e3c92",
                "ipv6_cidr_block": "",
                "local_gateway_id": "",
                "nat_gateway_id": "",
                "network_interface_id": "",
                "transit_gateway_id": "",
                "vpc_endpoint_id": "",
                "vpc_peering_connection_id": ""
              }
            ],
            "tags": {
              "Name": "PublicRouteTable"
            },
            "tags_all": {
              "Name": "PublicRouteTable"
            },
            "timeouts": null,
            "vpc_id": "vpc-025bb9ffc693c8367"
          },
          "sensitive_attributes": [],
          "private": "eyJlMmJmYjczMC1lY2FhLTExZTYtOGY4OC0zNDM2M2JjN2M0YzAiOnsiY3JlYXRlIjozMDAwMDAwMDAwMDAsImRlbGV0ZSI6MzAwMDAwMDAwMDAwLCJ1cGRhdGUiOjEyMDAwMDAwMDAwMH19",
          "dependencies": [
            "aws_internet_gateway.igw",
            "aws_vpc.main_vpc"
          ]
        }
      ]
    },
    {
      "mode": "managed",
      "type": "aws_route_table_association",
      "name": "public_subnet_assoc",
      "provider": "provider[\"registry.terraform.io/hashicorp/aws\"]",
      "instances": [
        {
          "index_key": 0,
          "schema_version": 0,
          "attributes": {
            "gateway_id": "",
            "id": "rtbassoc-0880715a3966b4582",
            "route_table_id": "rtb-0a21c6b56aca804f0",
            "subnet_id": "subnet-06fa439678e444085",
            "timeouts": null
          },
          "sensitive_attributes": [],
          "private": "eyJlMmJmYjczMC1lY2FhLTExZTYtOGY4OC0zNDM2M2JjN2M0YzAiOnsiY3JlYXRlIjozMDAwMDAwMDAwMDAsImRlbGV0ZSI6MzAwMDAwMDAwMDAwLCJ1cGRhdGUiOjEyMDAwMDAwMDAwMH19",
          "dependencies": [
            "aws_internet_gateway.igw",
            "aws_route_table.public_rt",
            "aws_subnet.public_subnets",
            "aws_vpc.main_vpc",
            "data.aws_availability_zones.available"
          ]
        },
        {
          "index_key": 1,
          "schema_version": 0,
          "attributes": {
            "gateway_id": "",
            "id": "rtbassoc-07616d880a2e3de6d",
            "route_table_id": "rtb-0a21c6b56aca804f0",
            "subnet_id": "subnet-0b45516e785c91c4a",
            "timeouts": null
          },
          "sensitive_attributes": [],
          "private": "eyJlMmJmYjczMC1lY2FhLTExZTYtOGY4OC0zNDM2M2JjN2M0YzAiOnsiY3JlYXRlIjozMDAwMDAwMDAwMDAsImRlbGV0ZSI6MzAwMDAwMDAwMDAwLCJ1cGRhdGUiOjEyMDAwMDAwMDAwMH19",
          "dependencies": [
            "aws_internet_gateway.igw",
            "aws_route_table.public_rt",
            "aws_subnet.public_subnets",
            "aws_vpc.main_vpc",
            "data.aws_availability_zones.available"
          ]
        }
      ]
    },
    {
      "mode": "managed",
      "type": "aws_s3_bucket",
      "name": "match_results_bucket",
      "provider": "provider[\"registry.terraform.io/hashicorp/aws\"]",
      "instances": [
        {
          "schema_version": 0,
          "attributes": {
            "acceleration_status": "",
            "acl": null,
            "arn": "arn:aws:s3:::match-results-bucket-folql2",
            "bucket": "match-results-bucket-folql2",
            "bucket_domain_name": "match-results-bucket-folql2.s3.amazonaws.com",
            "bucket_prefix": "",
            "bucket_regional_domain_name": "match-results-bucket-folql2.s3.eu-central-1.amazonaws.com",
            "cors_rule": [],
            "force_destroy": false,
            "grant": [
              {
                "id": "46d3ee60e984be919c55004ec9d36cd4046087132219ca41319a03aaa2b0182b",
                "permissions": [
                  "FULL_CONTROL"
                ],
                "type": "CanonicalUser",
                "uri": ""
              }
            ],
            "hosted_zone_id": "Z21DNDUVLTQW6Q",
            "id": "match-results-bucket-folql2",
            "lifecycle_rule": [],
            "logging": [],
            "object_lock_configuration": [],
            "object_lock_enabled": false,
            "policy": "",
            "region": "eu-central-1",
            "replication_configuration": [],
            "request_payer": "BucketOwner",
            "server_side_encryption_configuration": [
              {
                "rule": [
                  {
                    "apply_server_side_encryption_by_default": [
                      {
                        "kms_master_key_id": "",
                        "sse_algorithm": "AES256"
                      }
                    ],
                    "bucket_key_enabled": false
                  }
                ]
              }
            ],
            "tags": {
              "Name": "MatchResultsBucket"
            },
            "tags_all": {
              "Name": "MatchResultsBucket"
            },
            "timeouts": null,
            "versioning": [
              {
                "enabled": false,
                "mfa_delete": false
              }
            ],
            "website": [],
            "website_domain": null,
            "website_endpoint": null
          },
          "sensitive_attributes": [],
          "private": "eyJlMmJmYjczMC1lY2FhLTExZTYtOGY4OC0zNDM2M2JjN2M0YzAiOnsiY3JlYXRlIjoxMjAwMDAwMDAwMDAwLCJkZWxldGUiOjM2MDAwMDAwMDAwMDAsInJlYWQiOjEyMDAwMDAwMDAwMDAsInVwZGF0ZSI6MTIwMDAwMDAwMDAwMH19",
          "dependencies": [
            "random_string.bucket_suffix"
          ]
        }
      ]
    },
    {
      "mode": "managed",
      "type": "aws_security_group",
      "name": "docdb_sg",
      "provider": "provider[\"registry.terraform.io/hashicorp/aws\"]",
      "instances": [
        {
          "schema_version": 1,
          "attributes": {
            "arn": "arn:aws:ec2:eu-central-1:209479296454:security-group/sg-0a4ddaa9d58562ebc",
            "description": "Allow EC2 access to DocumentDB",
            "egress": [
              {
                "cidr_blocks": [
                  "0.0.0.0/0"
                ],
                "description": "Allow all outbound traffic",
                "from_port": 0,
                "ipv6_cidr_blocks": [],
                "prefix_list_ids": [],
                "protocol": "-1",
                "security_groups": [],
                "self": false,
                "to_port": 0
              }
            ],
            "id": "sg-0a4ddaa9d58562ebc",
            "ingress": [
              {
                "cidr_blocks": [],
                "description": "Allow EC2 instances to access DocumentDB",
                "from_port": 27017,
                "ipv6_cidr_blocks": [],
                "prefix_list_ids": [],
                "protocol": "tcp",
                "security_groups": [
                  "sg-0d9b2d785fb5c6e29"
                ],
                "self": false,
                "to_port": 27017
              }
            ],
            "name": "DocDBSecurityGroup",
            "name_prefix": "",
            "owner_id": "209479296454",
            "revoke_rules_on_delete": false,
            "tags": {
              "Name": "DocDBSecurityGroup"
            },
            "tags_all": {
              "Name": "DocDBSecurityGroup"
            },
            "timeouts": null,
            "vpc_id": "vpc-025bb9ffc693c8367"
          },
          "sensitive_attributes": [],
          "private": "eyJlMmJmYjczMC1lY2FhLTExZTYtOGY4OC0zNDM2M2JjN2M0YzAiOnsiY3JlYXRlIjo2MDAwMDAwMDAwMDAsImRlbGV0ZSI6OTAwMDAwMDAwMDAwfSwic2NoZW1hX3ZlcnNpb24iOiIxIn0=",
          "dependencies": [
            "aws_security_group.ec2_sg",
            "aws_vpc.main_vpc"
          ]
        }
      ]
    },
    {
      "mode": "managed",
      "type": "aws_security_group",
      "name": "ec2_sg",
      "provider": "provider[\"registry.terraform.io/hashicorp/aws\"]",
      "instances": [
        {
          "schema_version": 1,
          "attributes": {
            "arn": "arn:aws:ec2:eu-central-1:209479296454:security-group/sg-0d9b2d785fb5c6e29",
            "description": "Allow SSH and HTTP",
            "egress": [
              {
                "cidr_blocks": [
                  "0.0.0.0/0"
                ],
                "description": "Allow all outbound traffic",
                "from_port": 0,
                "ipv6_cidr_blocks": [],
                "prefix_list_ids": [],
                "protocol": "-1",
                "security_groups": [],
                "self": false,
                "to_port": 0
              }
            ],
            "id": "sg-0d9b2d785fb5c6e29",
            "ingress": [
              {
                "cidr_blocks": [
                  "0.0.0.0/0"
                ],
                "description": "HTTP access",
                "from_port": 80,
                "ipv6_cidr_blocks": [],
                "prefix_list_ids": [],
                "protocol": "tcp",
                "security_groups": [],
                "self": false,
                "to_port": 80
              },
              {
                "cidr_blocks": [
                  "0.0.0.0/0"
                ],
                "description": "SSH access",
                "from_port": 22,
                "ipv6_cidr_blocks": [],
                "prefix_list_ids": [],
                "protocol": "tcp",
                "security_groups": [],
                "self": false,
                "to_port": 22
              }
            ],
            "name": "EC2SecurityGroup",
            "name_prefix": "",
            "owner_id": "209479296454",
            "revoke_rules_on_delete": false,
            "tags": {
              "Name": "EC2SecurityGroup"
            },
            "tags_all": {
              "Name": "EC2SecurityGroup"
            },
            "timeouts": null,
            "vpc_id": "vpc-025bb9ffc693c8367"
          },
          "sensitive_attributes": [],
          "private": "eyJlMmJmYjczMC1lY2FhLTExZTYtOGY4OC0zNDM2M2JjN2M0YzAiOnsiY3JlYXRlIjo2MDAwMDAwMDAwMDAsImRlbGV0ZSI6OTAwMDAwMDAwMDAwfSwic2NoZW1hX3ZlcnNpb24iOiIxIn0=",
          "dependencies": [
            "aws_vpc.main_vpc"
          ],
          "create_before_destroy": true
        }
      ]
    },
    {
      "mode": "managed",
      "type": "aws_sns_topic",
      "name": "email_notifications",
      "provider": "provider[\"registry.terraform.io/hashicorp/aws\"]",
      "instances": [
        {
          "schema_version": 0,
          "attributes": {
            "application_failure_feedback_role_arn": "",
            "application_success_feedback_role_arn": "",
            "application_success_feedback_sample_rate": 0,
            "archive_policy": "",
            "arn": "arn:aws:sns:eu-central-1:209479296454:EmailNotificationsTopic",
            "beginning_archive_time": "",
            "content_based_deduplication": false,
            "delivery_policy": "",
            "display_name": "",
            "fifo_topic": false,
            "firehose_failure_feedback_role_arn": "",
            "firehose_success_feedback_role_arn": "",
            "firehose_success_feedback_sample_rate": 0,
            "http_failure_feedback_role_arn": "",
            "http_success_feedback_role_arn": "",
            "http_success_feedback_sample_rate": 0,
            "id": "arn:aws:sns:eu-central-1:209479296454:EmailNotificationsTopic",
            "kms_master_key_id": "",
            "lambda_failure_feedback_role_arn": "",
            "lambda_success_feedback_role_arn": "",
            "lambda_success_feedback_sample_rate": 0,
            "name": "EmailNotificationsTopic",
            "name_prefix": "",
            "owner": "209479296454",
            "policy": "{\"Id\":\"__default_policy_ID\",\"Statement\":[{\"Action\":[\"SNS:GetTopicAttributes\",\"SNS:SetTopicAttributes\",\"SNS:AddPermission\",\"SNS:RemovePermission\",\"SNS:DeleteTopic\",\"SNS:Subscribe\",\"SNS:ListSubscriptionsByTopic\",\"SNS:Publish\"],\"Condition\":{\"StringEquals\":{\"AWS:SourceOwner\":\"209479296454\"}},\"Effect\":\"Allow\",\"Principal\":{\"AWS\":\"*\"},\"Resource\":\"arn:aws:sns:eu-central-1:209479296454:EmailNotificationsTopic\",\"Sid\":\"__default_statement_ID\"}],\"Version\":\"2008-10-17\"}",
            "signature_version": 0,
            "sqs_failure_feedback_role_arn": "",
            "sqs_success_feedback_role_arn": "",
            "sqs_success_feedback_sample_rate": 0,
            "tags": {
              "Name": "EmailNotificationsTopic"
            },
            "tags_all": {
              "Name": "EmailNotificationsTopic"
            },
            "tracing_config": ""
          },
          "sensitive_attributes": [],
          "private": "bnVsbA==",
          "create_before_destroy": true
        }
      ]
    },
    {
      "mode": "managed",
      "type": "aws_sns_topic_subscription",
      "name": "email_subscription",
      "provider": "provider[\"registry.terraform.io/hashicorp/aws\"]",
      "instances": [
        {
          "schema_version": 0,
          "attributes": {
            "arn": "arn:aws:sns:eu-central-1:209479296454:EmailNotificationsTopic:1fe11dde-8812-42a6-836f-84cdb5daab48",
            "confirmation_timeout_in_minutes": 1,
            "confirmation_was_authenticated": false,
            "delivery_policy": "",
            "endpoint": "levi9hackatonlol@gmail.com",
            "endpoint_auto_confirms": false,
            "filter_policy": "",
            "filter_policy_scope": "",
            "id": "arn:aws:sns:eu-central-1:209479296454:EmailNotificationsTopic:1fe11dde-8812-42a6-836f-84cdb5daab48",
            "owner_id": "209479296454",
            "pending_confirmation": true,
            "protocol": "email",
            "raw_message_delivery": false,
            "redrive_policy": "",
            "replay_policy": "",
            "subscription_role_arn": "",
            "topic_arn": "arn:aws:sns:eu-central-1:209479296454:EmailNotificationsTopic"
          },
          "sensitive_attributes": [],
          "private": "bnVsbA==",
          "dependencies": [
            "aws_sns_topic.email_notifications"
          ]
        }
      ]
    },
    {
      "mode": "managed",
      "type": "aws_subnet",
      "name": "private_subnets",
      "provider": "provider[\"registry.terraform.io/hashicorp/aws\"]",
      "instances": [
        {
          "index_key": 0,
          "schema_version": 1,
          "attributes": {
            "arn": "arn:aws:ec2:eu-central-1:209479296454:subnet/subnet-071032c85253fadda",
            "assign_ipv6_address_on_creation": false,
            "availability_zone": "eu-central-1a",
            "availability_zone_id": "euc1-az2",
            "cidr_block": "10.0.2.0/24",
            "customer_owned_ipv4_pool": "",
            "enable_dns64": false,
            "enable_lni_at_device_index": 0,
            "enable_resource_name_dns_a_record_on_launch": false,
            "enable_resource_name_dns_aaaa_record_on_launch": false,
            "id": "subnet-071032c85253fadda",
            "ipv6_cidr_block": "",
            "ipv6_cidr_block_association_id": "",
            "ipv6_native": false,
            "map_customer_owned_ip_on_launch": false,
            "map_public_ip_on_launch": false,
            "outpost_arn": "",
            "owner_id": "209479296454",
            "private_dns_hostname_type_on_launch": "ip-name",
            "tags": {
              "Name": "PrivateSubnet-0"
            },
            "tags_all": {
              "Name": "PrivateSubnet-0"
            },
            "timeouts": null,
            "vpc_id": "vpc-025bb9ffc693c8367"
          },
          "sensitive_attributes": [],
          "private": "eyJlMmJmYjczMC1lY2FhLTExZTYtOGY4OC0zNDM2M2JjN2M0YzAiOnsiY3JlYXRlIjo2MDAwMDAwMDAwMDAsImRlbGV0ZSI6MTIwMDAwMDAwMDAwMH0sInNjaGVtYV92ZXJzaW9uIjoiMSJ9",
          "dependencies": [
            "aws_vpc.main_vpc",
            "data.aws_availability_zones.available"
          ]
        },
        {
          "index_key": 1,
          "schema_version": 1,
          "attributes": {
            "arn": "arn:aws:ec2:eu-central-1:209479296454:subnet/subnet-0fcd698d50d5ab1b7",
            "assign_ipv6_address_on_creation": false,
            "availability_zone": "eu-central-1b",
            "availability_zone_id": "euc1-az3",
            "cidr_block": "10.0.3.0/24",
            "customer_owned_ipv4_pool": "",
            "enable_dns64": false,
            "enable_lni_at_device_index": 0,
            "enable_resource_name_dns_a_record_on_launch": false,
            "enable_resource_name_dns_aaaa_record_on_launch": false,
            "id": "subnet-0fcd698d50d5ab1b7",
            "ipv6_cidr_block": "",
            "ipv6_cidr_block_association_id": "",
            "ipv6_native": false,
            "map_customer_owned_ip_on_launch": false,
            "map_public_ip_on_launch": false,
            "outpost_arn": "",
            "owner_id": "209479296454",
            "private_dns_hostname_type_on_launch": "ip-name",
            "tags": {
              "Name": "PrivateSubnet-1"
            },
            "tags_all": {
              "Name": "PrivateSubnet-1"
            },
            "timeouts": null,
            "vpc_id": "vpc-025bb9ffc693c8367"
          },
          "sensitive_attributes": [],
          "private": "eyJlMmJmYjczMC1lY2FhLTExZTYtOGY4OC0zNDM2M2JjN2M0YzAiOnsiY3JlYXRlIjo2MDAwMDAwMDAwMDAsImRlbGV0ZSI6MTIwMDAwMDAwMDAwMH0sInNjaGVtYV92ZXJzaW9uIjoiMSJ9",
          "dependencies": [
            "aws_vpc.main_vpc",
            "data.aws_availability_zones.available"
          ]
        }
      ]
    },
    {
      "mode": "managed",
      "type": "aws_subnet",
      "name": "public_subnets",
      "provider": "provider[\"registry.terraform.io/hashicorp/aws\"]",
      "instances": [
        {
          "index_key": 0,
          "schema_version": 1,
          "attributes": {
            "arn": "arn:aws:ec2:eu-central-1:209479296454:subnet/subnet-06fa439678e444085",
            "assign_ipv6_address_on_creation": false,
            "availability_zone": "eu-central-1a",
            "availability_zone_id": "euc1-az2",
            "cidr_block": "10.0.0.0/24",
            "customer_owned_ipv4_pool": "",
            "enable_dns64": false,
            "enable_lni_at_device_index": 0,
            "enable_resource_name_dns_a_record_on_launch": false,
            "enable_resource_name_dns_aaaa_record_on_launch": false,
            "id": "subnet-06fa439678e444085",
            "ipv6_cidr_block": "",
            "ipv6_cidr_block_association_id": "",
            "ipv6_native": false,
            "map_customer_owned_ip_on_launch": false,
            "map_public_ip_on_launch": true,
            "outpost_arn": "",
            "owner_id": "209479296454",
            "private_dns_hostname_type_on_launch": "ip-name",
            "tags": {
              "Name": "PublicSubnet-0"
            },
            "tags_all": {
              "Name": "PublicSubnet-0"
            },
            "timeouts": null,
            "vpc_id": "vpc-025bb9ffc693c8367"
          },
          "sensitive_attributes": [],
          "private": "eyJlMmJmYjczMC1lY2FhLTExZTYtOGY4OC0zNDM2M2JjN2M0YzAiOnsiY3JlYXRlIjo2MDAwMDAwMDAwMDAsImRlbGV0ZSI6MTIwMDAwMDAwMDAwMH0sInNjaGVtYV92ZXJzaW9uIjoiMSJ9",
          "dependencies": [
            "aws_vpc.main_vpc",
            "data.aws_availability_zones.available"
          ],
          "create_before_destroy": true
        },
        {
          "index_key": 1,
          "schema_version": 1,
          "attributes": {
            "arn": "arn:aws:ec2:eu-central-1:209479296454:subnet/subnet-0b45516e785c91c4a",
            "assign_ipv6_address_on_creation": false,
            "availability_zone": "eu-central-1b",
            "availability_zone_id": "euc1-az3",
            "cidr_block": "10.0.1.0/24",
            "customer_owned_ipv4_pool": "",
            "enable_dns64": false,
            "enable_lni_at_device_index": 0,
            "enable_resource_name_dns_a_record_on_launch": false,
            "enable_resource_name_dns_aaaa_record_on_launch": false,
            "id": "subnet-0b45516e785c91c4a",
            "ipv6_cidr_block": "",
            "ipv6_cidr_block_association_id": "",
            "ipv6_native": false,
            "map_customer_owned_ip_on_launch": false,
            "map_public_ip_on_launch": true,
            "outpost_arn": "",
            "owner_id": "209479296454",
            "private_dns_hostname_type_on_launch": "ip-name",
            "tags": {
              "Name": "PublicSubnet-1"
            },
            "tags_all": {
              "Name": "PublicSubnet-1"
            },
            "timeouts": null,
            "vpc_id": "vpc-025bb9ffc693c8367"
          },
          "sensitive_attributes": [],
          "private": "eyJlMmJmYjczMC1lY2FhLTExZTYtOGY4OC0zNDM2M2JjN2M0YzAiOnsiY3JlYXRlIjo2MDAwMDAwMDAwMDAsImRlbGV0ZSI6MTIwMDAwMDAwMDAwMH0sInNjaGVtYV92ZXJzaW9uIjoiMSJ9",
          "dependencies": [
            "aws_vpc.main_vpc",
            "data.aws_availability_zones.available"
          ],
          "create_before_destroy": true
        }
      ]
    },
    {
      "mode": "managed",
      "type": "aws_vpc",
      "name": "main_vpc",
      "provider": "provider[\"registry.terraform.io/hashicorp/aws\"]",
      "instances": [
        {
          "schema_version": 1,
          "attributes": {
            "arn": "arn:aws:ec2:eu-central-1:209479296454:vpc/vpc-025bb9ffc693c8367",
            "assign_generated_ipv6_cidr_block": false,
            "cidr_block": "10.0.0.0/16",
            "default_network_acl_id": "acl-0a34e416de0e61ea8",
            "default_route_table_id": "rtb-0fe6d268bb3a30e0b",
            "default_security_group_id": "sg-01dd8b93a78d63ca1",
            "dhcp_options_id": "dopt-0a280552d06481d31",
            "enable_dns_hostnames": true,
            "enable_dns_support": true,
            "enable_network_address_usage_metrics": false,
            "id": "vpc-025bb9ffc693c8367",
            "instance_tenancy": "default",
            "ipv4_ipam_pool_id": null,
            "ipv4_netmask_length": null,
            "ipv6_association_id": "",
            "ipv6_cidr_block": "",
            "ipv6_cidr_block_network_border_group": "",
            "ipv6_ipam_pool_id": "",
            "ipv6_netmask_length": 0,
            "main_route_table_id": "rtb-0fe6d268bb3a30e0b",
            "owner_id": "209479296454",
            "tags": {
              "Name": "MainVPC"
            },
            "tags_all": {
              "Name": "MainVPC"
            }
          },
          "sensitive_attributes": [],
          "private": "eyJzY2hlbWFfdmVyc2lvbiI6IjEifQ==",
          "create_before_destroy": true
        }
      ]
    },
    {
      "mode": "managed",
      "type": "random_string",
      "name": "bucket_suffix",
      "provider": "provider[\"registry.terraform.io/hashicorp/random\"]",
      "instances": [
        {
          "schema_version": 2,
          "attributes": {
            "id": "folql2",
            "keepers": null,
            "length": 6,
            "lower": true,
            "min_lower": 0,
            "min_numeric": 0,
            "min_special": 0,
            "min_upper": 0,
            "number": true,
            "numeric": true,
            "override_special": null,
            "result": "folql2",
            "special": false,
            "upper": false
          },
          "sensitive_attributes": []
        }
      ]
    },
    {
      "mode": "managed",
      "type": "tls_private_key",
      "name": "example",
      "provider": "provider[\"registry.terraform.io/hashicorp/tls\"]",
      "instances": [
        {
          "schema_version": 1,
          "attributes": {
            "algorithm": "RSA",
            "ecdsa_curve": "P224",
            "id": "40188c1e9b0c3d384179594f0bd3ad7766d677fd",
            "private_key_openssh": "-----BEGIN OPENSSH PRIVATE KEY-----\nb3BlbnNzaC1rZXktdjEAAAAABG5vbmUAAAAEbm9uZQAAAAAAAAABAAACFwAAAAdz\nc2gtcnNhAAAAAwEAAQAAAgEAmTY7JYIlrMJv4ZRMgHwub7YSfB7vfi10gJDLh9RS\nkdZ0bJFwE/OFnPTP6XT93BnO3ADNmQGPjFge0jF+rglHj0FDDleuZCypLIRWf+Ui\nxJ4Yo0mcb0SuMyG2Y2EuMX+JoMWWeTFGFVlAP9JEUDWskJsIdXD0MvBeioBgJCrR\n27R6sy/xBM2CiSXUU0Q6yvbf4xgeBbC3n0BLj1VxFcnAPjRL3/rOC0dIATb8+uLN\n/Ez4vKpsCX+oIBUpJewaj0S8zD/i9No02LtvFcGP+k+6reUiGwJPit4zZC1WknQX\ne8bpKWDZMI9Oet1jNOpSaq3jKTBt/e9f9lS07f38YCy7hleOim2zkY1PZ1oDkjFr\nK1RMDWnNQzOmU0U6SpXM4zp6jqY0kXpdAWAGTL1bPm6FvKtcf5s8RHXod8f8QOj7\nVCMFSTCaq2MT/ceHQU7fR48VY8mPhNYzP5lKOaog6aeo8mUQy59UO3T5fEFMhRQ1\nndBYGv2GX5GS1DvjKDA/Z8n7k83/fIToMMSfyixul3gfN5Fq2HDb8mNSNn4A2ebw\nMgcbOvo4xZjHCT8AbCOD4Roj1poa/XJcnwNqotZY0MFuNihmJTb/1wpgK9qo221q\ngXAhnJKsl0v4d075tIjp1utI+LbAoYHCvybLgR9C7wNVWto+ARo8UjIy+xnBJyWP\nXIkAAAc4rBgPUKwYD1AAAAAHc3NoLXJzYQAAAgEAmTY7JYIlrMJv4ZRMgHwub7YS\nfB7vfi10gJDLh9RSkdZ0bJFwE/OFnPTP6XT93BnO3ADNmQGPjFge0jF+rglHj0FD\nDleuZCypLIRWf+UixJ4Yo0mcb0SuMyG2Y2EuMX+JoMWWeTFGFVlAP9JEUDWskJsI\ndXD0MvBeioBgJCrR27R6sy/xBM2CiSXUU0Q6yvbf4xgeBbC3n0BLj1VxFcnAPjRL\n3/rOC0dIATb8+uLN/Ez4vKpsCX+oIBUpJewaj0S8zD/i9No02LtvFcGP+k+6reUi\nGwJPit4zZC1WknQXe8bpKWDZMI9Oet1jNOpSaq3jKTBt/e9f9lS07f38YCy7hleO\nim2zkY1PZ1oDkjFrK1RMDWnNQzOmU0U6SpXM4zp6jqY0kXpdAWAGTL1bPm6FvKtc\nf5s8RHXod8f8QOj7VCMFSTCaq2MT/ceHQU7fR48VY8mPhNYzP5lKOaog6aeo8mUQ\ny59UO3T5fEFMhRQ1ndBYGv2GX5GS1DvjKDA/Z8n7k83/fIToMMSfyixul3gfN5Fq\n2HDb8mNSNn4A2ebwMgcbOvo4xZjHCT8AbCOD4Roj1poa/XJcnwNqotZY0MFuNihm\nJTb/1wpgK9qo221qgXAhnJKsl0v4d075tIjp1utI+LbAoYHCvybLgR9C7wNVWto+\nARo8UjIy+xnBJyWPXIkAAAADAQABAAACAFXZyIy8/8VtcmnRwohgjVi1imgYoZRv\nfg+okxO6isYDiFtpp4bWdzE7EOG9V56kq4Alxw8Mi9ZVbnfTmiuFMZ75L8zyntqt\nF+LFCP9Dcxb/i8i7r7e9oWsvYdcQFmVQFNuMvEOOs7m0uEbK2NKlMNwas0OzlnKQ\ntDkhtD2v7MYSvIp5u7E4QwP8uZwq6FLgwRWsZu5DVrEawvw/IU3XLizs+vM3w4sY\nVyWvHVSsEEZnDx4Q1NcBvEC1+sewJDXRi4Vb6x3Ow7wKUzW6r6XQVUep1FGUGuQy\nnFNvAEqyWJJYJEC2bx1Bv/Ui5rs47hOu+lITPB8Fqh0K3BNbtbZienTv1v74hZoL\nNOxVBc+HBba9BWKWIOlUorGzmynZ7G9fqHDMobPq/6ZNnKPYtRnWqzkbrSTFbHid\nG4SYk3ZcrF+5TXqEnKztFusKAALVZdDl9msA4hH/QcLrsEdzrqhc7yZSUtrALBBR\nV/K9s6KKySHXA7vPjnspUlPg9bIIdFQEJlyaWwimN8/VX32uigD93UnDuMCrniic\nZru7+iecftX2ec05Fk6Z/K2JmDXmGYmm4urdbl/iP4Cy/ILcxVleBe08mhbdXRre\nLdaEBDWGkMke2wwPqUXnQnbA4Vnmu6fsrjeg4MK3HHpkHG2xRifhpOt5auAFXB7x\nBcrU+TY8/lwBAAABAQCcNzR3ALRVi9ixs3Dz6bcfevgjDLhuEI9tDKQQlh2QAOMm\n1H8yHIYXzGYp+WtEI4A1AH7eZFnL6bUX0t9Zh57oZO8O6yAR4LBEAVgjvjaLJ2vP\nh8PzUkMVr63aaR0gKHCiGZUdhbx7GB0wH8WZXK3sOW95im6At2X02CU5ldB5Jsqa\nz7aYT0okL9ZgfAf3ZOg1RwkhkDGCVcuD2Ppcm59rHzJWPxzTOvB/F+jotCIuRPCu\nAcPsimsKYJ+OkD4DfOVn0wTpYvE4ZZlv2uanJ65h4zN+pjTgwjhLns3MjCr0PENJ\n4m3Y1H050sZnQ0Gjm+kv2/MHtwggVDGjmD5mzO7xAAABAQDIEMkwx33dGy0r4D5b\nNPR/mhpy8MNe9PZBhwk8TSTQs9jsMc5iISLvbh1G62roNPAbFMX4p268ZW4zYLs7\nrlJehBaew5eNH8T3juNSrWugQr764xl+u6kSF9HKyFEkpy2mBAjlpBkUHgXEQEjo\nTc/57Yg7Aeifgw9JG2Vj8a2JXe/Na/sZioplax3Hp1WLL/PBHj4BG1FW7uz9z03D\nKMs41xsHCIFtGS6c4RsFDr2E0hMfkvAkFSP9fljfN7HlWLrjlsWsss/Z3r/GmFFh\nAgGxK6puQDuQ4tI7awwANtwORIA3qESsodZt9dKWEUpTs0A/h9EsEa0/jyXQf7pi\nqOaBAAABAQDEDABp3GUa7pF1eOwA1qKOpgf+GAeGz7oleB29lpJ1ryTzO61nFIIH\na/iwL5Oknlx2P5DZozO53AhcIlgFsHfIoxszr+AMjYQEa6K0FotT2I42PFwNP1gH\nbAyCZkeboBLasGZg/vQEhCDSraKqLrIj7I7Kj2Bag2XPyAagOtGRQwu7+6djpw4o\nDhhMmtAhTLVNoRHHgYZoawKZgaQvgE6ZkPEJASE8gWN+wnjjEVJJaDLG5CxH8l7k\nLKWyObh6uveC24xo/HYcnLA1QYdGicDdlWkZa6hDTCUVnrbdsahmVx/9mN7xMymz\n28v74/9+PMHTLqNQgcuGYWnXk9CdMkIJAAAAAAEC\n-----END OPENSSH PRIVATE KEY-----\n",
            "private_key_pem": "-----BEGIN RSA PRIVATE KEY-----\nMIIJKAIBAAKCAgEAmTY7JYIlrMJv4ZRMgHwub7YSfB7vfi10gJDLh9RSkdZ0bJFw\nE/OFnPTP6XT93BnO3ADNmQGPjFge0jF+rglHj0FDDleuZCypLIRWf+UixJ4Yo0mc\nb0SuMyG2Y2EuMX+JoMWWeTFGFVlAP9JEUDWskJsIdXD0MvBeioBgJCrR27R6sy/x\nBM2CiSXUU0Q6yvbf4xgeBbC3n0BLj1VxFcnAPjRL3/rOC0dIATb8+uLN/Ez4vKps\nCX+oIBUpJewaj0S8zD/i9No02LtvFcGP+k+6reUiGwJPit4zZC1WknQXe8bpKWDZ\nMI9Oet1jNOpSaq3jKTBt/e9f9lS07f38YCy7hleOim2zkY1PZ1oDkjFrK1RMDWnN\nQzOmU0U6SpXM4zp6jqY0kXpdAWAGTL1bPm6FvKtcf5s8RHXod8f8QOj7VCMFSTCa\nq2MT/ceHQU7fR48VY8mPhNYzP5lKOaog6aeo8mUQy59UO3T5fEFMhRQ1ndBYGv2G\nX5GS1DvjKDA/Z8n7k83/fIToMMSfyixul3gfN5Fq2HDb8mNSNn4A2ebwMgcbOvo4\nxZjHCT8AbCOD4Roj1poa/XJcnwNqotZY0MFuNihmJTb/1wpgK9qo221qgXAhnJKs\nl0v4d075tIjp1utI+LbAoYHCvybLgR9C7wNVWto+ARo8UjIy+xnBJyWPXIkCAwEA\nAQKCAgBV2ciMvP/FbXJp0cKIYI1YtYpoGKGUb34PqJMTuorGA4hbaaeG1ncxOxDh\nvVeepKuAJccPDIvWVW5305orhTGe+S/M8p7arRfixQj/Q3MW/4vIu6+3vaFrL2HX\nEBZlUBTbjLxDjrO5tLhGytjSpTDcGrNDs5ZykLQ5IbQ9r+zGEryKebuxOEMD/Lmc\nKuhS4MEVrGbuQ1axGsL8PyFN1y4s7PrzN8OLGFclrx1UrBBGZw8eENTXAbxAtfrH\nsCQ10YuFW+sdzsO8ClM1uq+l0FVHqdRRlBrkMpxTbwBKsliSWCRAtm8dQb/1Iua7\nOO4TrvpSEzwfBaodCtwTW7W2Ynp079b++IWaCzTsVQXPhwW2vQViliDpVKKxs5sp\n2exvX6hwzKGz6v+mTZyj2LUZ1qs5G60kxWx4nRuEmJN2XKxfuU16hJys7RbrCgAC\n1WXQ5fZrAOIR/0HC67BHc66oXO8mUlLawCwQUVfyvbOiiskh1wO7z457KVJT4PWy\nCHRUBCZcmlsIpjfP1V99rooA/d1Jw7jAq54onGa7u/onnH7V9nnNORZOmfytiZg1\n5hmJpuLq3W5f4j+AsvyC3MVZXgXtPJoW3V0a3i3WhAQ1hpDJHtsMD6lF50J2wOFZ\n5run7K43oODCtxx6ZBxtsUYn4aTreWrgBVwe8QXK1Pk2PP5cAQKCAQEAyBDJMMd9\n3RstK+A+WzT0f5oacvDDXvT2QYcJPE0k0LPY7DHOYiEi724dRutq6DTwGxTF+Kdu\nvGVuM2C7O65SXoQWnsOXjR/E947jUq1roEK++uMZfrupEhfRyshRJKctpgQI5aQZ\nFB4FxEBI6E3P+e2IOwHon4MPSRtlY/GtiV3vzWv7GYqKZWsdx6dViy/zwR4+ARtR\nVu7s/c9NwyjLONcbBwiBbRkunOEbBQ69hNITH5LwJBUj/X5Y3zex5Vi645bFrLLP\n2d6/xphRYQIBsSuqbkA7kOLSO2sMADbcDkSAN6hErKHWbfXSlhFKU7NAP4fRLBGt\nP48l0H+6YqjmgQKCAQEAxAwAadxlGu6RdXjsANaijqYH/hgHhs+6JXgdvZaSda8k\n8zutZxSCB2v4sC+TpJ5cdj+Q2aMzudwIXCJYBbB3yKMbM6/gDI2EBGuitBaLU9iO\nNjxcDT9YB2wMgmZHm6AS2rBmYP70BIQg0q2iqi6yI+yOyo9gWoNlz8gGoDrRkUML\nu/unY6cOKA4YTJrQIUy1TaERx4GGaGsCmYGkL4BOmZDxCQEhPIFjfsJ44xFSSWgy\nxuQsR/Je5Cylsjm4err3gtuMaPx2HJywNUGHRonA3ZVpGWuoQ0wlFZ623bGoZlcf\n/Zje8TMps9vL++P/fjzB0y6jUIHLhmFp15PQnTJCCQKCAQBwZp3iPfJEywPx5qah\n73p+RkId2Y6qRs4juo5BxsWsS57P9JuTHjLWefMQ6SrDExri3CTtsoPQbNwhGXOX\n8DRuzZ83y4PV0ceDnk+xH6WcAGPz6KtmPGCcva0sVKbiBNrsrs+g1TURzFxJCiTr\n/uud6wnivQvIsoVf+XhZUmrBBnm327bTfraKjEfK6ARzkplMIoWLcaGdSdb0Mgfq\nYXzrjk6tAOZWOROrJ/1aNhHcEXqU/qTUYNw7i0S7BDt6MwOs4gRlJoEIUtFD7keq\nTMpOk83I62WL3SNoJpgzdp7jlTDEFFGg+7vRQ47wqP4tUEQEbXXjYHsJfo8sONaq\nn2IBAoIBAHpZExj91otMP7MUWBTd3m0v6OUGkgvsL7uajtT210himajCoaEnB08i\nbv1lc7rUqdeSLA/m7i0byIvXUx+Z1ed9A0jqheTPnIg1tEC3oRQengHzAW+zDHj1\nUYk/04ioCZw5Yms+MYNwAhv5CP80TTBmPWbku7lBL5TQvHHaw1bohLY4g2qJoygU\nQ83q/+EIQk3EK5hamUspHWI3qgOLC4KDFioMbnWYOkOtkkwDT1tIkAfX9lqgQ+Aa\njP4BT8QoUrdz1NjgVcXdc4qI7qdy6M5gpEqdCVGWf75SYsVQTkwwK2LUuK3GxEve\n7BqzW4uo1z24aWug1Sd0O92x/gtchiECggEBAJw3NHcAtFWL2LGzcPPptx96+CMM\nuG4Qj20MpBCWHZAA4ybUfzIchhfMZin5a0QjgDUAft5kWcvptRfS31mHnuhk7w7r\nIBHgsEQBWCO+Nosna8+Hw/NSQxWvrdppHSAocKIZlR2FvHsYHTAfxZlcrew5b3mK\nboC3ZfTYJTmV0HkmyprPtphPSiQv1mB8B/dk6DVHCSGQMYJVy4PY+lybn2sfMlY/\nHNM68H8X6Oi0Ii5E8K4Bw+yKawpgn46QPgN85WfTBOli8ThlmW/a5qcnrmHjM36m\nNODCOEuezcyMKvQ8Q0nibdjUfTnSxmdDQaOb6S/b8we3CCBUMaOYPmbM7vE=\n-----END RSA PRIVATE KEY-----\n",
            "private_key_pem_pkcs8": "-----BEGIN PRIVATE KEY-----\nMIIJQgIBADANBgkqhkiG9w0BAQEFAASCCSwwggkoAgEAAoICAQCZNjslgiWswm/h\nlEyAfC5vthJ8Hu9+LXSAkMuH1FKR1nRskXAT84Wc9M/pdP3cGc7cAM2ZAY+MWB7S\nMX6uCUePQUMOV65kLKkshFZ/5SLEnhijSZxvRK4zIbZjYS4xf4mgxZZ5MUYVWUA/\n0kRQNayQmwh1cPQy8F6KgGAkKtHbtHqzL/EEzYKJJdRTRDrK9t/jGB4FsLefQEuP\nVXEVycA+NEvf+s4LR0gBNvz64s38TPi8qmwJf6ggFSkl7BqPRLzMP+L02jTYu28V\nwY/6T7qt5SIbAk+K3jNkLVaSdBd7xukpYNkwj0563WM06lJqreMpMG3971/2VLTt\n/fxgLLuGV46KbbORjU9nWgOSMWsrVEwNac1DM6ZTRTpKlczjOnqOpjSRel0BYAZM\nvVs+boW8q1x/mzxEdeh3x/xA6PtUIwVJMJqrYxP9x4dBTt9HjxVjyY+E1jM/mUo5\nqiDpp6jyZRDLn1Q7dPl8QUyFFDWd0Fga/YZfkZLUO+MoMD9nyfuTzf98hOgwxJ/K\nLG6XeB83kWrYcNvyY1I2fgDZ5vAyBxs6+jjFmMcJPwBsI4PhGiPWmhr9clyfA2qi\n1ljQwW42KGYlNv/XCmAr2qjbbWqBcCGckqyXS/h3Tvm0iOnW60j4tsChgcK/JsuB\nH0LvA1Va2j4BGjxSMjL7GcEnJY9ciQIDAQABAoICAFXZyIy8/8VtcmnRwohgjVi1\nimgYoZRvfg+okxO6isYDiFtpp4bWdzE7EOG9V56kq4Alxw8Mi9ZVbnfTmiuFMZ75\nL8zyntqtF+LFCP9Dcxb/i8i7r7e9oWsvYdcQFmVQFNuMvEOOs7m0uEbK2NKlMNwa\ns0OzlnKQtDkhtD2v7MYSvIp5u7E4QwP8uZwq6FLgwRWsZu5DVrEawvw/IU3XLizs\n+vM3w4sYVyWvHVSsEEZnDx4Q1NcBvEC1+sewJDXRi4Vb6x3Ow7wKUzW6r6XQVUep\n1FGUGuQynFNvAEqyWJJYJEC2bx1Bv/Ui5rs47hOu+lITPB8Fqh0K3BNbtbZienTv\n1v74hZoLNOxVBc+HBba9BWKWIOlUorGzmynZ7G9fqHDMobPq/6ZNnKPYtRnWqzkb\nrSTFbHidG4SYk3ZcrF+5TXqEnKztFusKAALVZdDl9msA4hH/QcLrsEdzrqhc7yZS\nUtrALBBRV/K9s6KKySHXA7vPjnspUlPg9bIIdFQEJlyaWwimN8/VX32uigD93UnD\nuMCrniicZru7+iecftX2ec05Fk6Z/K2JmDXmGYmm4urdbl/iP4Cy/ILcxVleBe08\nmhbdXRreLdaEBDWGkMke2wwPqUXnQnbA4Vnmu6fsrjeg4MK3HHpkHG2xRifhpOt5\nauAFXB7xBcrU+TY8/lwBAoIBAQDIEMkwx33dGy0r4D5bNPR/mhpy8MNe9PZBhwk8\nTSTQs9jsMc5iISLvbh1G62roNPAbFMX4p268ZW4zYLs7rlJehBaew5eNH8T3juNS\nrWugQr764xl+u6kSF9HKyFEkpy2mBAjlpBkUHgXEQEjoTc/57Yg7Aeifgw9JG2Vj\n8a2JXe/Na/sZioplax3Hp1WLL/PBHj4BG1FW7uz9z03DKMs41xsHCIFtGS6c4RsF\nDr2E0hMfkvAkFSP9fljfN7HlWLrjlsWsss/Z3r/GmFFhAgGxK6puQDuQ4tI7awwA\nNtwORIA3qESsodZt9dKWEUpTs0A/h9EsEa0/jyXQf7piqOaBAoIBAQDEDABp3GUa\n7pF1eOwA1qKOpgf+GAeGz7oleB29lpJ1ryTzO61nFIIHa/iwL5Oknlx2P5DZozO5\n3AhcIlgFsHfIoxszr+AMjYQEa6K0FotT2I42PFwNP1gHbAyCZkeboBLasGZg/vQE\nhCDSraKqLrIj7I7Kj2Bag2XPyAagOtGRQwu7+6djpw4oDhhMmtAhTLVNoRHHgYZo\nawKZgaQvgE6ZkPEJASE8gWN+wnjjEVJJaDLG5CxH8l7kLKWyObh6uveC24xo/HYc\nnLA1QYdGicDdlWkZa6hDTCUVnrbdsahmVx/9mN7xMymz28v74/9+PMHTLqNQgcuG\nYWnXk9CdMkIJAoIBAHBmneI98kTLA/HmpqHven5GQh3ZjqpGziO6jkHGxaxLns/0\nm5MeMtZ58xDpKsMTGuLcJO2yg9Bs3CEZc5fwNG7NnzfLg9XRx4OeT7EfpZwAY/Po\nq2Y8YJy9rSxUpuIE2uyuz6DVNRHMXEkKJOv+653rCeK9C8iyhV/5eFlSasEGebfb\nttN+toqMR8roBHOSmUwihYtxoZ1J1vQyB+phfOuOTq0A5lY5E6sn/Vo2EdwRepT+\npNRg3DuLRLsEO3ozA6ziBGUmgQhS0UPuR6pMyk6TzcjrZYvdI2gmmDN2nuOVMMQU\nUaD7u9FDjvCo/i1QRARtdeNgewl+jyw41qqfYgECggEAelkTGP3Wi0w/sxRYFN3e\nbS/o5QaSC+wvu5qO1PbXSGKZqMKhoScHTyJu/WVzutSp15IsD+buLRvIi9dTH5nV\n530DSOqF5M+ciDW0QLehFB6eAfMBb7MMePVRiT/TiKgJnDliaz4xg3ACG/kI/zRN\nMGY9ZuS7uUEvlNC8cdrDVuiEtjiDaomjKBRDzer/4QhCTcQrmFqZSykdYjeqA4sL\ngoMWKgxudZg6Q62STANPW0iQB9f2WqBD4BqM/gFPxChSt3PU2OBVxd1ziojup3Lo\nzmCkSp0JUZZ/vlJixVBOTDArYtS4rcbES97sGrNbi6jXPbhpa6DVJ3Q73bH+C1yG\nIQKCAQEAnDc0dwC0VYvYsbNw8+m3H3r4Iwy4bhCPbQykEJYdkADjJtR/MhyGF8xm\nKflrRCOANQB+3mRZy+m1F9LfWYee6GTvDusgEeCwRAFYI742iydrz4fD81JDFa+t\n2mkdIChwohmVHYW8exgdMB/FmVyt7DlveYpugLdl9NglOZXQeSbKms+2mE9KJC/W\nYHwH92ToNUcJIZAxglXLg9j6XJufax8yVj8c0zrwfxfo6LQiLkTwrgHD7IprCmCf\njpA+A3zlZ9ME6WLxOGWZb9rmpyeuYeMzfqY04MI4S57NzIwq9DxDSeJt2NR9OdLG\nZ0NBo5vpL9vzB7cIIFQxo5g+Zszu8Q==\n-----END PRIVATE KEY-----\n",
            "public_key_fingerprint_md5": "8a:71:24:70:97:42:9d:05:b3:be:a0:b1:11:39:17:cd",
            "public_key_fingerprint_sha256": "SHA256:cOvrskklz/MBi6IbnnMFXUriBlwyXgi/RpVYuMcJSKo",
            "public_key_openssh": "ssh-rsa AAAAB3NzaC1yc2EAAAADAQABAAACAQCZNjslgiWswm/hlEyAfC5vthJ8Hu9+LXSAkMuH1FKR1nRskXAT84Wc9M/pdP3cGc7cAM2ZAY+MWB7SMX6uCUePQUMOV65kLKkshFZ/5SLEnhijSZxvRK4zIbZjYS4xf4mgxZZ5MUYVWUA/0kRQNayQmwh1cPQy8F6KgGAkKtHbtHqzL/EEzYKJJdRTRDrK9t/jGB4FsLefQEuPVXEVycA+NEvf+s4LR0gBNvz64s38TPi8qmwJf6ggFSkl7BqPRLzMP+L02jTYu28VwY/6T7qt5SIbAk+K3jNkLVaSdBd7xukpYNkwj0563WM06lJqreMpMG3971/2VLTt/fxgLLuGV46KbbORjU9nWgOSMWsrVEwNac1DM6ZTRTpKlczjOnqOpjSRel0BYAZMvVs+boW8q1x/mzxEdeh3x/xA6PtUIwVJMJqrYxP9x4dBTt9HjxVjyY+E1jM/mUo5qiDpp6jyZRDLn1Q7dPl8QUyFFDWd0Fga/YZfkZLUO+MoMD9nyfuTzf98hOgwxJ/KLG6XeB83kWrYcNvyY1I2fgDZ5vAyBxs6+jjFmMcJPwBsI4PhGiPWmhr9clyfA2qi1ljQwW42KGYlNv/XCmAr2qjbbWqBcCGckqyXS/h3Tvm0iOnW60j4tsChgcK/JsuBH0LvA1Va2j4BGjxSMjL7GcEnJY9ciQ==\n",
            "public_key_pem": "-----BEGIN PUBLIC KEY-----\nMIICIjANBgkqhkiG9w0BAQEFAAOCAg8AMIICCgKCAgEAmTY7JYIlrMJv4ZRMgHwu\nb7YSfB7vfi10gJDLh9RSkdZ0bJFwE/OFnPTP6XT93BnO3ADNmQGPjFge0jF+rglH\nj0FDDleuZCypLIRWf+UixJ4Yo0mcb0SuMyG2Y2EuMX+JoMWWeTFGFVlAP9JEUDWs\nkJsIdXD0MvBeioBgJCrR27R6sy/xBM2CiSXUU0Q6yvbf4xgeBbC3n0BLj1VxFcnA\nPjRL3/rOC0dIATb8+uLN/Ez4vKpsCX+oIBUpJewaj0S8zD/i9No02LtvFcGP+k+6\nreUiGwJPit4zZC1WknQXe8bpKWDZMI9Oet1jNOpSaq3jKTBt/e9f9lS07f38YCy7\nhleOim2zkY1PZ1oDkjFrK1RMDWnNQzOmU0U6SpXM4zp6jqY0kXpdAWAGTL1bPm6F\nvKtcf5s8RHXod8f8QOj7VCMFSTCaq2MT/ceHQU7fR48VY8mPhNYzP5lKOaog6aeo\n8mUQy59UO3T5fEFMhRQ1ndBYGv2GX5GS1DvjKDA/Z8n7k83/fIToMMSfyixul3gf\nN5Fq2HDb8mNSNn4A2ebwMgcbOvo4xZjHCT8AbCOD4Roj1poa/XJcnwNqotZY0MFu\nNihmJTb/1wpgK9qo221qgXAhnJKsl0v4d075tIjp1utI+LbAoYHCvybLgR9C7wNV\nWto+ARo8UjIy+xnBJyWPXIkCAwEAAQ==\n-----END PUBLIC KEY-----\n",
            "rsa_bits": 4096
          },
          "sensitive_attributes": [
            [
              {
                "type": "get_attr",
                "value": "private_key_pem"
              }
            ],
            [
              {
                "type": "get_attr",
                "value": "private_key_openssh"
              }
            ],
            [
              {
                "type": "get_attr",
                "value": "private_key_pem_pkcs8"
              }
            ]
          ],
          "create_before_destroy": true
        }
      ]
    }
  ],
  "check_results": null
}
